
Microsoft Visual Studio Solution File, Format Version 12.00
# Visual Studio 15
VisualStudioVersion = 15.0.28307.329
MinimumVisualStudioVersion = 10.0.40219.1
Project("{8BC9CEB8-8B4A-11D0-8D11-00A0C91BC942}") = "dsassignments", "dsassignments\dsassignments.vcxproj", "{CD8E6186-44C9-4C50-A10A-CDADE7468D5F}"
EndProject
Project("{8BC9CEB8-8B4A-11D0-8D11-00A0C91BC942}") = "BalanceExpressions", "BalanceExpressions\BalanceExpressions.vcxproj", "{C0A2E5A0-0258-4A82-8B95-03C0718A3662}"
EndProject
Project("{8BC9CEB8-8B4A-11D0-8D11-00A0C91BC942}") = "infixtopostfix", "infixtopostfix\infixtopostfix.vcxproj", "{E9A14A95-57F0-4FE9-9D97-9E1806E762A5}"
EndProject
Global
	GlobalSection(SolutionConfigurationPlatforms) = preSolution
		Debug|x64 = Debug|x64
		Debug|x86 = Debug|x86
		Release|x64 = Release|x64
		Release|x86 = Release|x86
	EndGlobalSection
	GlobalSection(ProjectConfigurationPlatforms) = postSolution
		{CD8E6186-44C9-4C50-A10A-CDADE7468D5F}.Debug|x64.ActiveCfg = Debug|x64
		{CD8E6186-44C9-4C50-A10A-CDADE7468D5F}.Debug|x64.Build.0 = Debug|x64
		{CD8E6186-44C9-4C50-A10A-CDADE7468D5F}.Debug|x86.ActiveCfg = Debug|Win32
		{CD8E6186-44C9-4C50-A10A-CDADE7468D5F}.Debug|x86.Build.0 = Debug|Win32
		{CD8E6186-44C9-4C50-A10A-CDADE7468D5F}.Release|x64.ActiveCfg = Release|x64
		{CD8E6186-44C9-4C50-A10A-CDADE7468D5F}.Release|x64.Build.0 = Release|x64
		{CD8E6186-44C9-4C50-A10A-CDADE7468D5F}.Release|x86.ActiveCfg = Release|Win32
		{CD8E6186-44C9-4C50-A10A-CDADE7468D5F}.Release|x86.Build.0 = Release|Win32
		{C0A2E5A0-0258-4A82-8B95-03C0718A3662}.Debug|x64.ActiveCfg = Debug|x64
		{C0A2E5A0-0258-4A82-8B95-03C0718A3662}.Debug|x64.Build.0 = Debug|x64
		{C0A2E5A0-0258-4A82-8B95-03C0718A3662}.Debug|x86.ActiveCfg = Debug|Win32
		{C0A2E5A0-0258-4A82-8B95-03C0718A3662}.Debug|x86.Build.0 = Debug|Win32
		{C0A2E5A0-0258-4A82-8B95-03C0718A3662}.Release|x64.ActiveCfg = Release|x64
		{C0A2E5A0-0258-4A82-8B95-03C0718A3662}.Release|x64.Build.0 = Release|x64
		{C0A2E5A0-0258-4A82-8B95-03C0718A3662}.Release|x86.ActiveCfg = Release|Win32
		{C0A2E5A0-0258-4A82-8B95-03C0718A3662}.Release|x86.Build.0 = Release|Win32
		{E9A14A95-57F0-4FE9-9D97-9E1806E762A5}.Debug|x64.ActiveCfg = Debug|x64
		{E9A14A95-57F0-4FE9-9D97-9E1806E762A5}.Debug|x64.Build.0 = Debug|x64
		{E9A14A95-57F0-4FE9-9D97-9E1806E762A5}.Debug|x86.ActiveCfg = Debug|Win32
		{E9A14A95-57F0-4FE9-9D97-9E1806E762A5}.Debug|x86.Build.0 = Debug|Win32
		{E9A14A95-57F0-4FE9-9D97-9E1806E762A5}.Release|x64.ActiveCfg = Release|x64
		{E9A14A95-57F0-4FE9-9D97-9E1806E762A5}.Release|x64.Build.0 = Release|x64
		{E9A14A95-57F0-4FE9-9D97-9E1806E762A5}.Release|x86.ActiveCfg = Release|Win32
		{E9A14A95-57F0-4FE9-9D97-9E1806E762A5}.Release|x86.Build.0 = Release|Win32
	EndGlobalSection
	GlobalSection(SolutionProperties) = preSolution
		HideSolutionNode = FALSE
	EndGlobalSection
	GlobalSection(ExtensibilityGlobals) = postSolution
		SolutionGuid = {A30BA059-FC3A-45B1-B6BF-28850C5A2C3D}
	EndGlobalSection
EndGlobal
