
Microsoft Visual Studio Solution File, Format Version 12.00
# Visual Studio 15
VisualStudioVersion = 15.0.28307.329
MinimumVisualStudioVersion = 10.0.40219.1
Project("{8BC9CEB8-8B4A-11D0-8D11-00A0C91BC942}") = "dsassignments", "dsassignments\dsassignments.vcxproj", "{CD8E6186-44C9-4C50-A10A-CDADE7468D5F}"
EndProject
Project("{8BC9CEB8-8B4A-11D0-8D11-00A0C91BC942}") = "BalanceExpressions", "BalanceExpressions\BalanceExpressions.vcxproj", "{C0A2E5A0-0258-4A82-8B95-03C0718A3662}"
EndProject
Project("{8BC9CEB8-8B4A-11D0-8D11-00A0C91BC942}") = "infixtopostfix", "infixtopostfix\infixtopostfix.vcxproj", "{E9A14A95-57F0-4FE9-9D97-9E1806E762A5}"
EndProject
Project("{8BC9CEB8-8B4A-11D0-8D11-00A0C91BC942}") = "postfixevaluation", "postfixevaluation\postfixevaluation.vcxproj", "{C13D65EF-FA94-4ED2-A508-1E618D8438A3}"
EndProject
Project("{8BC9CEB8-8B4A-11D0-8D11-00A0C91BC942}") = "LinearQueue", "LinearQueue\LinearQueue.vcxproj", "{BAED0F3A-3BB5-4BA9-93E6-6295FA2FECD9}"
EndProject
Project("{8BC9CEB8-8B4A-11D0-8D11-00A0C91BC942}") = "CircularQueue", "CircularQueue\CircularQueue.vcxproj", "{1CB4E2BC-4B0F-468F-89C1-2E6022E70FA6}"
EndProject
Project("{8BC9CEB8-8B4A-11D0-8D11-00A0C91BC942}") = "LinkedList", "LinkedList\LinkedList.vcxproj", "{3947A3E2-68DE-4A90-8ADE-B7D242BA853C}"
EndProject
Project("{8BC9CEB8-8B4A-11D0-8D11-00A0C91BC942}") = "StackUsingLinkedList", "StackUsingLinkedList\StackUsingLinkedList.vcxproj", "{A2F6FEBA-2802-44EF-9F7D-AB189C4A7A9F}"
EndProject
Project("{8BC9CEB8-8B4A-11D0-8D11-00A0C91BC942}") = "BubbleSort", "BubbleSort\BubbleSort.vcxproj", "{F824351D-72A7-49BF-B8EF-DEE9DE48650F}"
EndProject
Project("{8BC9CEB8-8B4A-11D0-8D11-00A0C91BC942}") = "InsertionSort", "InsertionSort\InsertionSort.vcxproj", "{1FF93F92-08D0-4970-85D8-209EC5A7ADF2}"
EndProject
Project("{8BC9CEB8-8B4A-11D0-8D11-00A0C91BC942}") = "SelectionSort", "SelectionSort\SelectionSort.vcxproj", "{760757F0-DC18-46B5-8672-8D208EC07086}"
EndProject
Project("{8BC9CEB8-8B4A-11D0-8D11-00A0C91BC942}") = "MergeSort", "MergeSort\MergeSort.vcxproj", "{06B530F0-8C2E-4F05-B644-86C4AF2C21D0}"
EndProject
Project("{8BC9CEB8-8B4A-11D0-8D11-00A0C91BC942}") = "SelfAdjustingLinkedList", "SelfAdjustingLinkedList\SelfAdjustingLinkedList.vcxproj", "{548B20DB-04B5-48ED-8A82-598FB5B08AEC}"
EndProject
Project("{8BC9CEB8-8B4A-11D0-8D11-00A0C91BC942}") = "QueueUsingLinkedList", "QueueUsingLinkedList\QueueUsingLinkedList.vcxproj", "{461AC4BB-A1E9-494A-98A3-A03E570E86CF}"
EndProject
Project("{8BC9CEB8-8B4A-11D0-8D11-00A0C91BC942}") = "Deque", "Deque\Deque.vcxproj", "{8003257D-A003-4858-A91C-E8C4F4FDF13E}"
EndProject
Project("{8BC9CEB8-8B4A-11D0-8D11-00A0C91BC942}") = "MergingLinkedLists", "MergingLinkedLists\MergingLinkedLists.vcxproj", "{64555B30-1BF0-4F0C-B7A9-51503216BF50}"
EndProject
Project("{8BC9CEB8-8B4A-11D0-8D11-00A0C91BC942}") = "PolynomialAddition", "PolynomialAddition\PolynomialAddition.vcxproj", "{FD61B1AF-61DB-48E7-84CE-D8E1E4A4EDA2}"
EndProject
Project("{8BC9CEB8-8B4A-11D0-8D11-00A0C91BC942}") = "QuickSort", "QuickSort\QuickSort.vcxproj", "{DA1B17D0-B2B9-4DDA-9389-7AFE1619F7B0}"
EndProject
Project("{8BC9CEB8-8B4A-11D0-8D11-00A0C91BC942}") = "Binarytree", "Binarytree\Binarytree.vcxproj", "{9C4C8FA4-07D3-470F-8D01-4D4B58F0C7AF}"
EndProject
Global
	GlobalSection(SolutionConfigurationPlatforms) = preSolution
		Debug|x64 = Debug|x64
		Debug|x86 = Debug|x86
		Release|x64 = Release|x64
		Release|x86 = Release|x86
	EndGlobalSection
	GlobalSection(ProjectConfigurationPlatforms) = postSolution
		{CD8E6186-44C9-4C50-A10A-CDADE7468D5F}.Debug|x64.ActiveCfg = Debug|x64
		{CD8E6186-44C9-4C50-A10A-CDADE7468D5F}.Debug|x64.Build.0 = Debug|x64
		{CD8E6186-44C9-4C50-A10A-CDADE7468D5F}.Debug|x86.ActiveCfg = Debug|Win32
		{CD8E6186-44C9-4C50-A10A-CDADE7468D5F}.Debug|x86.Build.0 = Debug|Win32
		{CD8E6186-44C9-4C50-A10A-CDADE7468D5F}.Release|x64.ActiveCfg = Release|x64
		{CD8E6186-44C9-4C50-A10A-CDADE7468D5F}.Release|x64.Build.0 = Release|x64
		{CD8E6186-44C9-4C50-A10A-CDADE7468D5F}.Release|x86.ActiveCfg = Release|Win32
		{CD8E6186-44C9-4C50-A10A-CDADE7468D5F}.Release|x86.Build.0 = Release|Win32
		{C0A2E5A0-0258-4A82-8B95-03C0718A3662}.Debug|x64.ActiveCfg = Debug|x64
		{C0A2E5A0-0258-4A82-8B95-03C0718A3662}.Debug|x64.Build.0 = Debug|x64
		{C0A2E5A0-0258-4A82-8B95-03C0718A3662}.Debug|x86.ActiveCfg = Debug|Win32
		{C0A2E5A0-0258-4A82-8B95-03C0718A3662}.Debug|x86.Build.0 = Debug|Win32
		{C0A2E5A0-0258-4A82-8B95-03C0718A3662}.Release|x64.ActiveCfg = Release|x64
		{C0A2E5A0-0258-4A82-8B95-03C0718A3662}.Release|x64.Build.0 = Release|x64
		{C0A2E5A0-0258-4A82-8B95-03C0718A3662}.Release|x86.ActiveCfg = Release|Win32
		{C0A2E5A0-0258-4A82-8B95-03C0718A3662}.Release|x86.Build.0 = Release|Win32
		{E9A14A95-57F0-4FE9-9D97-9E1806E762A5}.Debug|x64.ActiveCfg = Debug|x64
		{E9A14A95-57F0-4FE9-9D97-9E1806E762A5}.Debug|x64.Build.0 = Debug|x64
		{E9A14A95-57F0-4FE9-9D97-9E1806E762A5}.Debug|x86.ActiveCfg = Debug|Win32
		{E9A14A95-57F0-4FE9-9D97-9E1806E762A5}.Debug|x86.Build.0 = Debug|Win32
		{E9A14A95-57F0-4FE9-9D97-9E1806E762A5}.Release|x64.ActiveCfg = Release|x64
		{E9A14A95-57F0-4FE9-9D97-9E1806E762A5}.Release|x64.Build.0 = Release|x64
		{E9A14A95-57F0-4FE9-9D97-9E1806E762A5}.Release|x86.ActiveCfg = Release|Win32
		{E9A14A95-57F0-4FE9-9D97-9E1806E762A5}.Release|x86.Build.0 = Release|Win32
		{C13D65EF-FA94-4ED2-A508-1E618D8438A3}.Debug|x64.ActiveCfg = Debug|x64
		{C13D65EF-FA94-4ED2-A508-1E618D8438A3}.Debug|x64.Build.0 = Debug|x64
		{C13D65EF-FA94-4ED2-A508-1E618D8438A3}.Debug|x86.ActiveCfg = Debug|Win32
		{C13D65EF-FA94-4ED2-A508-1E618D8438A3}.Debug|x86.Build.0 = Debug|Win32
		{C13D65EF-FA94-4ED2-A508-1E618D8438A3}.Release|x64.ActiveCfg = Release|x64
		{C13D65EF-FA94-4ED2-A508-1E618D8438A3}.Release|x64.Build.0 = Release|x64
		{C13D65EF-FA94-4ED2-A508-1E618D8438A3}.Release|x86.ActiveCfg = Release|Win32
		{C13D65EF-FA94-4ED2-A508-1E618D8438A3}.Release|x86.Build.0 = Release|Win32
		{BAED0F3A-3BB5-4BA9-93E6-6295FA2FECD9}.Debug|x64.ActiveCfg = Debug|x64
		{BAED0F3A-3BB5-4BA9-93E6-6295FA2FECD9}.Debug|x64.Build.0 = Debug|x64
		{BAED0F3A-3BB5-4BA9-93E6-6295FA2FECD9}.Debug|x86.ActiveCfg = Debug|Win32
		{BAED0F3A-3BB5-4BA9-93E6-6295FA2FECD9}.Debug|x86.Build.0 = Debug|Win32
		{BAED0F3A-3BB5-4BA9-93E6-6295FA2FECD9}.Release|x64.ActiveCfg = Release|x64
		{BAED0F3A-3BB5-4BA9-93E6-6295FA2FECD9}.Release|x64.Build.0 = Release|x64
		{BAED0F3A-3BB5-4BA9-93E6-6295FA2FECD9}.Release|x86.ActiveCfg = Release|Win32
		{BAED0F3A-3BB5-4BA9-93E6-6295FA2FECD9}.Release|x86.Build.0 = Release|Win32
		{1CB4E2BC-4B0F-468F-89C1-2E6022E70FA6}.Debug|x64.ActiveCfg = Debug|x64
		{1CB4E2BC-4B0F-468F-89C1-2E6022E70FA6}.Debug|x64.Build.0 = Debug|x64
		{1CB4E2BC-4B0F-468F-89C1-2E6022E70FA6}.Debug|x86.ActiveCfg = Debug|Win32
		{1CB4E2BC-4B0F-468F-89C1-2E6022E70FA6}.Debug|x86.Build.0 = Debug|Win32
		{1CB4E2BC-4B0F-468F-89C1-2E6022E70FA6}.Release|x64.ActiveCfg = Release|x64
		{1CB4E2BC-4B0F-468F-89C1-2E6022E70FA6}.Release|x64.Build.0 = Release|x64
		{1CB4E2BC-4B0F-468F-89C1-2E6022E70FA6}.Release|x86.ActiveCfg = Release|Win32
		{1CB4E2BC-4B0F-468F-89C1-2E6022E70FA6}.Release|x86.Build.0 = Release|Win32
		{3947A3E2-68DE-4A90-8ADE-B7D242BA853C}.Debug|x64.ActiveCfg = Debug|x64
		{3947A3E2-68DE-4A90-8ADE-B7D242BA853C}.Debug|x64.Build.0 = Debug|x64
		{3947A3E2-68DE-4A90-8ADE-B7D242BA853C}.Debug|x86.ActiveCfg = Debug|Win32
		{3947A3E2-68DE-4A90-8ADE-B7D242BA853C}.Debug|x86.Build.0 = Debug|Win32
		{3947A3E2-68DE-4A90-8ADE-B7D242BA853C}.Release|x64.ActiveCfg = Release|x64
		{3947A3E2-68DE-4A90-8ADE-B7D242BA853C}.Release|x64.Build.0 = Release|x64
		{3947A3E2-68DE-4A90-8ADE-B7D242BA853C}.Release|x86.ActiveCfg = Release|Win32
		{3947A3E2-68DE-4A90-8ADE-B7D242BA853C}.Release|x86.Build.0 = Release|Win32
		{A2F6FEBA-2802-44EF-9F7D-AB189C4A7A9F}.Debug|x64.ActiveCfg = Debug|x64
		{A2F6FEBA-2802-44EF-9F7D-AB189C4A7A9F}.Debug|x64.Build.0 = Debug|x64
		{A2F6FEBA-2802-44EF-9F7D-AB189C4A7A9F}.Debug|x86.ActiveCfg = Debug|Win32
		{A2F6FEBA-2802-44EF-9F7D-AB189C4A7A9F}.Debug|x86.Build.0 = Debug|Win32
		{A2F6FEBA-2802-44EF-9F7D-AB189C4A7A9F}.Release|x64.ActiveCfg = Release|x64
		{A2F6FEBA-2802-44EF-9F7D-AB189C4A7A9F}.Release|x64.Build.0 = Release|x64
		{A2F6FEBA-2802-44EF-9F7D-AB189C4A7A9F}.Release|x86.ActiveCfg = Release|Win32
		{A2F6FEBA-2802-44EF-9F7D-AB189C4A7A9F}.Release|x86.Build.0 = Release|Win32
		{F824351D-72A7-49BF-B8EF-DEE9DE48650F}.Debug|x64.ActiveCfg = Debug|x64
		{F824351D-72A7-49BF-B8EF-DEE9DE48650F}.Debug|x64.Build.0 = Debug|x64
		{F824351D-72A7-49BF-B8EF-DEE9DE48650F}.Debug|x86.ActiveCfg = Debug|Win32
		{F824351D-72A7-49BF-B8EF-DEE9DE48650F}.Debug|x86.Build.0 = Debug|Win32
		{F824351D-72A7-49BF-B8EF-DEE9DE48650F}.Release|x64.ActiveCfg = Release|x64
		{F824351D-72A7-49BF-B8EF-DEE9DE48650F}.Release|x64.Build.0 = Release|x64
		{F824351D-72A7-49BF-B8EF-DEE9DE48650F}.Release|x86.ActiveCfg = Release|Win32
		{F824351D-72A7-49BF-B8EF-DEE9DE48650F}.Release|x86.Build.0 = Release|Win32
		{1FF93F92-08D0-4970-85D8-209EC5A7ADF2}.Debug|x64.ActiveCfg = Debug|x64
		{1FF93F92-08D0-4970-85D8-209EC5A7ADF2}.Debug|x64.Build.0 = Debug|x64
		{1FF93F92-08D0-4970-85D8-209EC5A7ADF2}.Debug|x86.ActiveCfg = Debug|Win32
		{1FF93F92-08D0-4970-85D8-209EC5A7ADF2}.Debug|x86.Build.0 = Debug|Win32
		{1FF93F92-08D0-4970-85D8-209EC5A7ADF2}.Release|x64.ActiveCfg = Release|x64
		{1FF93F92-08D0-4970-85D8-209EC5A7ADF2}.Release|x64.Build.0 = Release|x64
		{1FF93F92-08D0-4970-85D8-209EC5A7ADF2}.Release|x86.ActiveCfg = Release|Win32
		{1FF93F92-08D0-4970-85D8-209EC5A7ADF2}.Release|x86.Build.0 = Release|Win32
		{760757F0-DC18-46B5-8672-8D208EC07086}.Debug|x64.ActiveCfg = Debug|x64
		{760757F0-DC18-46B5-8672-8D208EC07086}.Debug|x64.Build.0 = Debug|x64
		{760757F0-DC18-46B5-8672-8D208EC07086}.Debug|x86.ActiveCfg = Debug|Win32
		{760757F0-DC18-46B5-8672-8D208EC07086}.Debug|x86.Build.0 = Debug|Win32
		{760757F0-DC18-46B5-8672-8D208EC07086}.Release|x64.ActiveCfg = Release|x64
		{760757F0-DC18-46B5-8672-8D208EC07086}.Release|x64.Build.0 = Release|x64
		{760757F0-DC18-46B5-8672-8D208EC07086}.Release|x86.ActiveCfg = Release|Win32
		{760757F0-DC18-46B5-8672-8D208EC07086}.Release|x86.Build.0 = Release|Win32
		{06B530F0-8C2E-4F05-B644-86C4AF2C21D0}.Debug|x64.ActiveCfg = Debug|x64
		{06B530F0-8C2E-4F05-B644-86C4AF2C21D0}.Debug|x64.Build.0 = Debug|x64
		{06B530F0-8C2E-4F05-B644-86C4AF2C21D0}.Debug|x86.ActiveCfg = Debug|Win32
		{06B530F0-8C2E-4F05-B644-86C4AF2C21D0}.Debug|x86.Build.0 = Debug|Win32
		{06B530F0-8C2E-4F05-B644-86C4AF2C21D0}.Release|x64.ActiveCfg = Release|x64
		{06B530F0-8C2E-4F05-B644-86C4AF2C21D0}.Release|x64.Build.0 = Release|x64
		{06B530F0-8C2E-4F05-B644-86C4AF2C21D0}.Release|x86.ActiveCfg = Release|Win32
		{06B530F0-8C2E-4F05-B644-86C4AF2C21D0}.Release|x86.Build.0 = Release|Win32
		{548B20DB-04B5-48ED-8A82-598FB5B08AEC}.Debug|x64.ActiveCfg = Debug|x64
		{548B20DB-04B5-48ED-8A82-598FB5B08AEC}.Debug|x64.Build.0 = Debug|x64
		{548B20DB-04B5-48ED-8A82-598FB5B08AEC}.Debug|x86.ActiveCfg = Debug|Win32
		{548B20DB-04B5-48ED-8A82-598FB5B08AEC}.Debug|x86.Build.0 = Debug|Win32
		{548B20DB-04B5-48ED-8A82-598FB5B08AEC}.Release|x64.ActiveCfg = Release|x64
		{548B20DB-04B5-48ED-8A82-598FB5B08AEC}.Release|x64.Build.0 = Release|x64
		{548B20DB-04B5-48ED-8A82-598FB5B08AEC}.Release|x86.ActiveCfg = Release|Win32
		{548B20DB-04B5-48ED-8A82-598FB5B08AEC}.Release|x86.Build.0 = Release|Win32
		{461AC4BB-A1E9-494A-98A3-A03E570E86CF}.Debug|x64.ActiveCfg = Debug|x64
		{461AC4BB-A1E9-494A-98A3-A03E570E86CF}.Debug|x64.Build.0 = Debug|x64
		{461AC4BB-A1E9-494A-98A3-A03E570E86CF}.Debug|x86.ActiveCfg = Debug|Win32
		{461AC4BB-A1E9-494A-98A3-A03E570E86CF}.Debug|x86.Build.0 = Debug|Win32
		{461AC4BB-A1E9-494A-98A3-A03E570E86CF}.Release|x64.ActiveCfg = Release|x64
		{461AC4BB-A1E9-494A-98A3-A03E570E86CF}.Release|x64.Build.0 = Release|x64
		{461AC4BB-A1E9-494A-98A3-A03E570E86CF}.Release|x86.ActiveCfg = Release|Win32
		{461AC4BB-A1E9-494A-98A3-A03E570E86CF}.Release|x86.Build.0 = Release|Win32
		{8003257D-A003-4858-A91C-E8C4F4FDF13E}.Debug|x64.ActiveCfg = Debug|x64
		{8003257D-A003-4858-A91C-E8C4F4FDF13E}.Debug|x64.Build.0 = Debug|x64
		{8003257D-A003-4858-A91C-E8C4F4FDF13E}.Debug|x86.ActiveCfg = Debug|Win32
		{8003257D-A003-4858-A91C-E8C4F4FDF13E}.Debug|x86.Build.0 = Debug|Win32
		{8003257D-A003-4858-A91C-E8C4F4FDF13E}.Release|x64.ActiveCfg = Release|x64
		{8003257D-A003-4858-A91C-E8C4F4FDF13E}.Release|x64.Build.0 = Release|x64
		{8003257D-A003-4858-A91C-E8C4F4FDF13E}.Release|x86.ActiveCfg = Release|Win32
		{8003257D-A003-4858-A91C-E8C4F4FDF13E}.Release|x86.Build.0 = Release|Win32
		{64555B30-1BF0-4F0C-B7A9-51503216BF50}.Debug|x64.ActiveCfg = Debug|x64
		{64555B30-1BF0-4F0C-B7A9-51503216BF50}.Debug|x64.Build.0 = Debug|x64
		{64555B30-1BF0-4F0C-B7A9-51503216BF50}.Debug|x86.ActiveCfg = Debug|Win32
		{64555B30-1BF0-4F0C-B7A9-51503216BF50}.Debug|x86.Build.0 = Debug|Win32
		{64555B30-1BF0-4F0C-B7A9-51503216BF50}.Release|x64.ActiveCfg = Release|x64
		{64555B30-1BF0-4F0C-B7A9-51503216BF50}.Release|x64.Build.0 = Release|x64
		{64555B30-1BF0-4F0C-B7A9-51503216BF50}.Release|x86.ActiveCfg = Release|Win32
		{64555B30-1BF0-4F0C-B7A9-51503216BF50}.Release|x86.Build.0 = Release|Win32
		{FD61B1AF-61DB-48E7-84CE-D8E1E4A4EDA2}.Debug|x64.ActiveCfg = Debug|x64
		{FD61B1AF-61DB-48E7-84CE-D8E1E4A4EDA2}.Debug|x64.Build.0 = Debug|x64
		{FD61B1AF-61DB-48E7-84CE-D8E1E4A4EDA2}.Debug|x86.ActiveCfg = Debug|Win32
		{FD61B1AF-61DB-48E7-84CE-D8E1E4A4EDA2}.Debug|x86.Build.0 = Debug|Win32
		{FD61B1AF-61DB-48E7-84CE-D8E1E4A4EDA2}.Release|x64.ActiveCfg = Release|x64
		{FD61B1AF-61DB-48E7-84CE-D8E1E4A4EDA2}.Release|x64.Build.0 = Release|x64
		{FD61B1AF-61DB-48E7-84CE-D8E1E4A4EDA2}.Release|x86.ActiveCfg = Release|Win32
		{FD61B1AF-61DB-48E7-84CE-D8E1E4A4EDA2}.Release|x86.Build.0 = Release|Win32
		{DA1B17D0-B2B9-4DDA-9389-7AFE1619F7B0}.Debug|x64.ActiveCfg = Debug|x64
		{DA1B17D0-B2B9-4DDA-9389-7AFE1619F7B0}.Debug|x64.Build.0 = Debug|x64
		{DA1B17D0-B2B9-4DDA-9389-7AFE1619F7B0}.Debug|x86.ActiveCfg = Debug|Win32
		{DA1B17D0-B2B9-4DDA-9389-7AFE1619F7B0}.Debug|x86.Build.0 = Debug|Win32
		{DA1B17D0-B2B9-4DDA-9389-7AFE1619F7B0}.Release|x64.ActiveCfg = Release|x64
		{DA1B17D0-B2B9-4DDA-9389-7AFE1619F7B0}.Release|x64.Build.0 = Release|x64
		{DA1B17D0-B2B9-4DDA-9389-7AFE1619F7B0}.Release|x86.ActiveCfg = Release|Win32
		{DA1B17D0-B2B9-4DDA-9389-7AFE1619F7B0}.Release|x86.Build.0 = Release|Win32
		{9C4C8FA4-07D3-470F-8D01-4D4B58F0C7AF}.Debug|x64.ActiveCfg = Debug|x64
		{9C4C8FA4-07D3-470F-8D01-4D4B58F0C7AF}.Debug|x64.Build.0 = Debug|x64
		{9C4C8FA4-07D3-470F-8D01-4D4B58F0C7AF}.Debug|x86.ActiveCfg = Debug|Win32
		{9C4C8FA4-07D3-470F-8D01-4D4B58F0C7AF}.Debug|x86.Build.0 = Debug|Win32
		{9C4C8FA4-07D3-470F-8D01-4D4B58F0C7AF}.Release|x64.ActiveCfg = Release|x64
		{9C4C8FA4-07D3-470F-8D01-4D4B58F0C7AF}.Release|x64.Build.0 = Release|x64
		{9C4C8FA4-07D3-470F-8D01-4D4B58F0C7AF}.Release|x86.ActiveCfg = Release|Win32
		{9C4C8FA4-07D3-470F-8D01-4D4B58F0C7AF}.Release|x86.Build.0 = Release|Win32
	EndGlobalSection
	GlobalSection(SolutionProperties) = preSolution
		HideSolutionNode = FALSE
	EndGlobalSection
	GlobalSection(ExtensibilityGlobals) = postSolution
		SolutionGuid = {A30BA059-FC3A-45B1-B6BF-28850C5A2C3D}
	EndGlobalSection
EndGlobal
