
Microsoft Visual Studio Solution File, Format Version 12.00
# Visual Studio 15
VisualStudioVersion = 15.0.28307.329
MinimumVisualStudioVersion = 10.0.40219.1
Project("{8BC9CEB8-8B4A-11D0-8D11-00A0C91BC942}") = "AdvancedCPP", "AdvancedCPP\AdvancedCPP.vcxproj", "{465C42EF-8EFD-4C05-A9E0-F01FC112FC83}"
EndProject
Project("{8BC9CEB8-8B4A-11D0-8D11-00A0C91BC942}") = "NamespaceDemo", "NamespaceDemo\NamespaceDemo.vcxproj", "{6B27C175-6C5F-4567-BC48-DCDAB694C34D}"
EndProject
Project("{8BC9CEB8-8B4A-11D0-8D11-00A0C91BC942}") = "ConversionFunctionDemo", "ConversionFunctionDemo\ConversionFunctionDemo.vcxproj", "{39735A2F-B0F5-4689-9764-9758CB7A4394}"
EndProject
Project("{8BC9CEB8-8B4A-11D0-8D11-00A0C91BC942}") = "ConstantMemberFunctionDemo", "ConstantMemberFunctionDemo\ConstantMemberFunctionDemo.vcxproj", "{5C89A4B8-5303-4A02-A8C4-B09D8F726350}"
EndProject
Project("{8BC9CEB8-8B4A-11D0-8D11-00A0C91BC942}") = "MatrixClassOverloading", "MatrixClassOverloading\MatrixClassOverloading.vcxproj", "{9BFE2B0B-7A26-49F6-9BE9-E3EA0BADEC27}"
EndProject
Project("{8BC9CEB8-8B4A-11D0-8D11-00A0C91BC942}") = "CallingfunctionsUsingPointers", "CallingfunctionsUsingPointers\CallingfunctionsUsingPointers.vcxproj", "{118DD7EF-DB4A-4B88-BC5D-171755A0A1B9}"
EndProject
Project("{8BC9CEB8-8B4A-11D0-8D11-00A0C91BC942}") = "TypeDefDemo", "TypeDefDemo\TypeDefDemo.vcxproj", "{D98BDB66-027C-4B48-8EA0-3069D6F246C6}"
EndProject
Project("{8BC9CEB8-8B4A-11D0-8D11-00A0C91BC942}") = "CallingExternalCFunction", "CallingExternalCFunction\CallingExternalCFunction.vcxproj", "{E459755A-A1B9-4FC0-AF1C-C2C62A0FEBBF}"
EndProject
Project("{8BC9CEB8-8B4A-11D0-8D11-00A0C91BC942}") = "ConstantMemberInitialisation", "ConstantMemberInitialisation\ConstantMemberInitialisation.vcxproj", "{A12375BF-55FB-4F12-B951-AD81C32EE22C}"
EndProject
Project("{8BC9CEB8-8B4A-11D0-8D11-00A0C91BC942}") = "templatequeue", "templatequeue\templatequeue.vcxproj", "{FD92D21B-951E-492D-8B2A-023D2984B0B8}"
EndProject
Project("{8BC9CEB8-8B4A-11D0-8D11-00A0C91BC942}") = "StudentClassDerivingAndVirtual", "StudentClassDerivingAndVirtual\StudentClassDerivingAndVirtual.vcxproj", "{665A3B4B-EA17-481A-8C0A-AD9C4EAB16DF}"
EndProject
Project("{8BC9CEB8-8B4A-11D0-8D11-00A0C91BC942}") = "ShapeClassDerivingUsingVirtual", "ShapeClassDerivingUsingVirtual\ShapeClassDerivingUsingVirtual.vcxproj", "{2BE54883-7635-4B81-80FC-AC8C9DBFABED}"
EndProject
Global
	GlobalSection(SolutionConfigurationPlatforms) = preSolution
		Debug|x64 = Debug|x64
		Debug|x86 = Debug|x86
		Release|x64 = Release|x64
		Release|x86 = Release|x86
	EndGlobalSection
	GlobalSection(ProjectConfigurationPlatforms) = postSolution
		{465C42EF-8EFD-4C05-A9E0-F01FC112FC83}.Debug|x64.ActiveCfg = Debug|x64
		{465C42EF-8EFD-4C05-A9E0-F01FC112FC83}.Debug|x64.Build.0 = Debug|x64
		{465C42EF-8EFD-4C05-A9E0-F01FC112FC83}.Debug|x86.ActiveCfg = Debug|Win32
		{465C42EF-8EFD-4C05-A9E0-F01FC112FC83}.Debug|x86.Build.0 = Debug|Win32
		{465C42EF-8EFD-4C05-A9E0-F01FC112FC83}.Release|x64.ActiveCfg = Release|x64
		{465C42EF-8EFD-4C05-A9E0-F01FC112FC83}.Release|x64.Build.0 = Release|x64
		{465C42EF-8EFD-4C05-A9E0-F01FC112FC83}.Release|x86.ActiveCfg = Release|Win32
		{465C42EF-8EFD-4C05-A9E0-F01FC112FC83}.Release|x86.Build.0 = Release|Win32
		{6B27C175-6C5F-4567-BC48-DCDAB694C34D}.Debug|x64.ActiveCfg = Debug|x64
		{6B27C175-6C5F-4567-BC48-DCDAB694C34D}.Debug|x64.Build.0 = Debug|x64
		{6B27C175-6C5F-4567-BC48-DCDAB694C34D}.Debug|x86.ActiveCfg = Debug|Win32
		{6B27C175-6C5F-4567-BC48-DCDAB694C34D}.Debug|x86.Build.0 = Debug|Win32
		{6B27C175-6C5F-4567-BC48-DCDAB694C34D}.Release|x64.ActiveCfg = Release|x64
		{6B27C175-6C5F-4567-BC48-DCDAB694C34D}.Release|x64.Build.0 = Release|x64
		{6B27C175-6C5F-4567-BC48-DCDAB694C34D}.Release|x86.ActiveCfg = Release|Win32
		{6B27C175-6C5F-4567-BC48-DCDAB694C34D}.Release|x86.Build.0 = Release|Win32
		{39735A2F-B0F5-4689-9764-9758CB7A4394}.Debug|x64.ActiveCfg = Debug|x64
		{39735A2F-B0F5-4689-9764-9758CB7A4394}.Debug|x64.Build.0 = Debug|x64
		{39735A2F-B0F5-4689-9764-9758CB7A4394}.Debug|x86.ActiveCfg = Debug|Win32
		{39735A2F-B0F5-4689-9764-9758CB7A4394}.Debug|x86.Build.0 = Debug|Win32
		{39735A2F-B0F5-4689-9764-9758CB7A4394}.Release|x64.ActiveCfg = Release|x64
		{39735A2F-B0F5-4689-9764-9758CB7A4394}.Release|x64.Build.0 = Release|x64
		{39735A2F-B0F5-4689-9764-9758CB7A4394}.Release|x86.ActiveCfg = Release|Win32
		{39735A2F-B0F5-4689-9764-9758CB7A4394}.Release|x86.Build.0 = Release|Win32
		{5C89A4B8-5303-4A02-A8C4-B09D8F726350}.Debug|x64.ActiveCfg = Debug|x64
		{5C89A4B8-5303-4A02-A8C4-B09D8F726350}.Debug|x64.Build.0 = Debug|x64
		{5C89A4B8-5303-4A02-A8C4-B09D8F726350}.Debug|x86.ActiveCfg = Debug|Win32
		{5C89A4B8-5303-4A02-A8C4-B09D8F726350}.Debug|x86.Build.0 = Debug|Win32
		{5C89A4B8-5303-4A02-A8C4-B09D8F726350}.Release|x64.ActiveCfg = Release|x64
		{5C89A4B8-5303-4A02-A8C4-B09D8F726350}.Release|x64.Build.0 = Release|x64
		{5C89A4B8-5303-4A02-A8C4-B09D8F726350}.Release|x86.ActiveCfg = Release|Win32
		{5C89A4B8-5303-4A02-A8C4-B09D8F726350}.Release|x86.Build.0 = Release|Win32
		{9BFE2B0B-7A26-49F6-9BE9-E3EA0BADEC27}.Debug|x64.ActiveCfg = Debug|x64
		{9BFE2B0B-7A26-49F6-9BE9-E3EA0BADEC27}.Debug|x64.Build.0 = Debug|x64
		{9BFE2B0B-7A26-49F6-9BE9-E3EA0BADEC27}.Debug|x86.ActiveCfg = Debug|Win32
		{9BFE2B0B-7A26-49F6-9BE9-E3EA0BADEC27}.Debug|x86.Build.0 = Debug|Win32
		{9BFE2B0B-7A26-49F6-9BE9-E3EA0BADEC27}.Release|x64.ActiveCfg = Release|x64
		{9BFE2B0B-7A26-49F6-9BE9-E3EA0BADEC27}.Release|x64.Build.0 = Release|x64
		{9BFE2B0B-7A26-49F6-9BE9-E3EA0BADEC27}.Release|x86.ActiveCfg = Release|Win32
		{9BFE2B0B-7A26-49F6-9BE9-E3EA0BADEC27}.Release|x86.Build.0 = Release|Win32
		{118DD7EF-DB4A-4B88-BC5D-171755A0A1B9}.Debug|x64.ActiveCfg = Debug|x64
		{118DD7EF-DB4A-4B88-BC5D-171755A0A1B9}.Debug|x64.Build.0 = Debug|x64
		{118DD7EF-DB4A-4B88-BC5D-171755A0A1B9}.Debug|x86.ActiveCfg = Debug|Win32
		{118DD7EF-DB4A-4B88-BC5D-171755A0A1B9}.Debug|x86.Build.0 = Debug|Win32
		{118DD7EF-DB4A-4B88-BC5D-171755A0A1B9}.Release|x64.ActiveCfg = Release|x64
		{118DD7EF-DB4A-4B88-BC5D-171755A0A1B9}.Release|x64.Build.0 = Release|x64
		{118DD7EF-DB4A-4B88-BC5D-171755A0A1B9}.Release|x86.ActiveCfg = Release|Win32
		{118DD7EF-DB4A-4B88-BC5D-171755A0A1B9}.Release|x86.Build.0 = Release|Win32
		{D98BDB66-027C-4B48-8EA0-3069D6F246C6}.Debug|x64.ActiveCfg = Debug|x64
		{D98BDB66-027C-4B48-8EA0-3069D6F246C6}.Debug|x64.Build.0 = Debug|x64
		{D98BDB66-027C-4B48-8EA0-3069D6F246C6}.Debug|x86.ActiveCfg = Debug|Win32
		{D98BDB66-027C-4B48-8EA0-3069D6F246C6}.Debug|x86.Build.0 = Debug|Win32
		{D98BDB66-027C-4B48-8EA0-3069D6F246C6}.Release|x64.ActiveCfg = Release|x64
		{D98BDB66-027C-4B48-8EA0-3069D6F246C6}.Release|x64.Build.0 = Release|x64
		{D98BDB66-027C-4B48-8EA0-3069D6F246C6}.Release|x86.ActiveCfg = Release|Win32
		{D98BDB66-027C-4B48-8EA0-3069D6F246C6}.Release|x86.Build.0 = Release|Win32
		{E459755A-A1B9-4FC0-AF1C-C2C62A0FEBBF}.Debug|x64.ActiveCfg = Debug|x64
		{E459755A-A1B9-4FC0-AF1C-C2C62A0FEBBF}.Debug|x64.Build.0 = Debug|x64
		{E459755A-A1B9-4FC0-AF1C-C2C62A0FEBBF}.Debug|x86.ActiveCfg = Debug|Win32
		{E459755A-A1B9-4FC0-AF1C-C2C62A0FEBBF}.Debug|x86.Build.0 = Debug|Win32
		{E459755A-A1B9-4FC0-AF1C-C2C62A0FEBBF}.Release|x64.ActiveCfg = Release|x64
		{E459755A-A1B9-4FC0-AF1C-C2C62A0FEBBF}.Release|x64.Build.0 = Release|x64
		{E459755A-A1B9-4FC0-AF1C-C2C62A0FEBBF}.Release|x86.ActiveCfg = Release|Win32
		{E459755A-A1B9-4FC0-AF1C-C2C62A0FEBBF}.Release|x86.Build.0 = Release|Win32
		{A12375BF-55FB-4F12-B951-AD81C32EE22C}.Debug|x64.ActiveCfg = Debug|x64
		{A12375BF-55FB-4F12-B951-AD81C32EE22C}.Debug|x64.Build.0 = Debug|x64
		{A12375BF-55FB-4F12-B951-AD81C32EE22C}.Debug|x86.ActiveCfg = Debug|Win32
		{A12375BF-55FB-4F12-B951-AD81C32EE22C}.Debug|x86.Build.0 = Debug|Win32
		{A12375BF-55FB-4F12-B951-AD81C32EE22C}.Release|x64.ActiveCfg = Release|x64
		{A12375BF-55FB-4F12-B951-AD81C32EE22C}.Release|x64.Build.0 = Release|x64
		{A12375BF-55FB-4F12-B951-AD81C32EE22C}.Release|x86.ActiveCfg = Release|Win32
		{A12375BF-55FB-4F12-B951-AD81C32EE22C}.Release|x86.Build.0 = Release|Win32
		{FD92D21B-951E-492D-8B2A-023D2984B0B8}.Debug|x64.ActiveCfg = Debug|x64
		{FD92D21B-951E-492D-8B2A-023D2984B0B8}.Debug|x64.Build.0 = Debug|x64
		{FD92D21B-951E-492D-8B2A-023D2984B0B8}.Debug|x86.ActiveCfg = Debug|Win32
		{FD92D21B-951E-492D-8B2A-023D2984B0B8}.Debug|x86.Build.0 = Debug|Win32
		{FD92D21B-951E-492D-8B2A-023D2984B0B8}.Release|x64.ActiveCfg = Release|x64
		{FD92D21B-951E-492D-8B2A-023D2984B0B8}.Release|x64.Build.0 = Release|x64
		{FD92D21B-951E-492D-8B2A-023D2984B0B8}.Release|x86.ActiveCfg = Release|Win32
		{FD92D21B-951E-492D-8B2A-023D2984B0B8}.Release|x86.Build.0 = Release|Win32
		{665A3B4B-EA17-481A-8C0A-AD9C4EAB16DF}.Debug|x64.ActiveCfg = Debug|x64
		{665A3B4B-EA17-481A-8C0A-AD9C4EAB16DF}.Debug|x64.Build.0 = Debug|x64
		{665A3B4B-EA17-481A-8C0A-AD9C4EAB16DF}.Debug|x86.ActiveCfg = Debug|Win32
		{665A3B4B-EA17-481A-8C0A-AD9C4EAB16DF}.Debug|x86.Build.0 = Debug|Win32
		{665A3B4B-EA17-481A-8C0A-AD9C4EAB16DF}.Release|x64.ActiveCfg = Release|x64
		{665A3B4B-EA17-481A-8C0A-AD9C4EAB16DF}.Release|x64.Build.0 = Release|x64
		{665A3B4B-EA17-481A-8C0A-AD9C4EAB16DF}.Release|x86.ActiveCfg = Release|Win32
		{665A3B4B-EA17-481A-8C0A-AD9C4EAB16DF}.Release|x86.Build.0 = Release|Win32
		{2BE54883-7635-4B81-80FC-AC8C9DBFABED}.Debug|x64.ActiveCfg = Debug|x64
		{2BE54883-7635-4B81-80FC-AC8C9DBFABED}.Debug|x64.Build.0 = Debug|x64
		{2BE54883-7635-4B81-80FC-AC8C9DBFABED}.Debug|x86.ActiveCfg = Debug|Win32
		{2BE54883-7635-4B81-80FC-AC8C9DBFABED}.Debug|x86.Build.0 = Debug|Win32
		{2BE54883-7635-4B81-80FC-AC8C9DBFABED}.Release|x64.ActiveCfg = Release|x64
		{2BE54883-7635-4B81-80FC-AC8C9DBFABED}.Release|x64.Build.0 = Release|x64
		{2BE54883-7635-4B81-80FC-AC8C9DBFABED}.Release|x86.ActiveCfg = Release|Win32
		{2BE54883-7635-4B81-80FC-AC8C9DBFABED}.Release|x86.Build.0 = Release|Win32
	EndGlobalSection
	GlobalSection(SolutionProperties) = preSolution
		HideSolutionNode = FALSE
	EndGlobalSection
	GlobalSection(ExtensibilityGlobals) = postSolution
		SolutionGuid = {5C5AB6E9-E22E-4F54-BD0F-28FAB6CD950E}
	EndGlobalSection
EndGlobal
