
Microsoft Visual Studio Solution File, Format Version 12.00
# Visual Studio 15
VisualStudioVersion = 15.0.28307.329
MinimumVisualStudioVersion = 10.0.40219.1
Project("{8BC9CEB8-8B4A-11D0-8D11-00A0C91BC942}") = "cppassignments", "cppassignments\cppassignments.vcxproj", "{CC7D60E9-728B-42B9-989E-68FDE07A3144}"
EndProject
Project("{8BC9CEB8-8B4A-11D0-8D11-00A0C91BC942}") = "StudentDetails", "StudentDetails\StudentDetails.vcxproj", "{3EADB005-9B06-4211-99B4-BBF4850F4E49}"
EndProject
Project("{8BC9CEB8-8B4A-11D0-8D11-00A0C91BC942}") = "Addcomplex", "Addcomplex\Addcomplex.vcxproj", "{CD4554B0-5E85-4898-9A2E-7D0826682B69}"
EndProject
Project("{8BC9CEB8-8B4A-11D0-8D11-00A0C91BC942}") = "swap", "swap\swap.vcxproj", "{D9BE7C0A-5C6E-43A6-BC04-29E9E797EE1D}"
EndProject
Project("{8BC9CEB8-8B4A-11D0-8D11-00A0C91BC942}") = "ArithUsingInline", "ArithUsingInline\ArithUsingInline.vcxproj", "{2B821D91-88A3-49B2-84A0-ACA24D577BA6}"
EndProject
Global
	GlobalSection(SolutionConfigurationPlatforms) = preSolution
		Debug|x64 = Debug|x64
		Debug|x86 = Debug|x86
		Release|x64 = Release|x64
		Release|x86 = Release|x86
	EndGlobalSection
	GlobalSection(ProjectConfigurationPlatforms) = postSolution
		{CC7D60E9-728B-42B9-989E-68FDE07A3144}.Debug|x64.ActiveCfg = Debug|x64
		{CC7D60E9-728B-42B9-989E-68FDE07A3144}.Debug|x64.Build.0 = Debug|x64
		{CC7D60E9-728B-42B9-989E-68FDE07A3144}.Debug|x86.ActiveCfg = Debug|Win32
		{CC7D60E9-728B-42B9-989E-68FDE07A3144}.Debug|x86.Build.0 = Debug|Win32
		{CC7D60E9-728B-42B9-989E-68FDE07A3144}.Release|x64.ActiveCfg = Release|x64
		{CC7D60E9-728B-42B9-989E-68FDE07A3144}.Release|x64.Build.0 = Release|x64
		{CC7D60E9-728B-42B9-989E-68FDE07A3144}.Release|x86.ActiveCfg = Release|Win32
		{CC7D60E9-728B-42B9-989E-68FDE07A3144}.Release|x86.Build.0 = Release|Win32
		{3EADB005-9B06-4211-99B4-BBF4850F4E49}.Debug|x64.ActiveCfg = Debug|x64
		{3EADB005-9B06-4211-99B4-BBF4850F4E49}.Debug|x64.Build.0 = Debug|x64
		{3EADB005-9B06-4211-99B4-BBF4850F4E49}.Debug|x86.ActiveCfg = Debug|Win32
		{3EADB005-9B06-4211-99B4-BBF4850F4E49}.Debug|x86.Build.0 = Debug|Win32
		{3EADB005-9B06-4211-99B4-BBF4850F4E49}.Release|x64.ActiveCfg = Release|x64
		{3EADB005-9B06-4211-99B4-BBF4850F4E49}.Release|x64.Build.0 = Release|x64
		{3EADB005-9B06-4211-99B4-BBF4850F4E49}.Release|x86.ActiveCfg = Release|Win32
		{3EADB005-9B06-4211-99B4-BBF4850F4E49}.Release|x86.Build.0 = Release|Win32
		{CD4554B0-5E85-4898-9A2E-7D0826682B69}.Debug|x64.ActiveCfg = Debug|x64
		{CD4554B0-5E85-4898-9A2E-7D0826682B69}.Debug|x64.Build.0 = Debug|x64
		{CD4554B0-5E85-4898-9A2E-7D0826682B69}.Debug|x86.ActiveCfg = Debug|Win32
		{CD4554B0-5E85-4898-9A2E-7D0826682B69}.Debug|x86.Build.0 = Debug|Win32
		{CD4554B0-5E85-4898-9A2E-7D0826682B69}.Release|x64.ActiveCfg = Release|x64
		{CD4554B0-5E85-4898-9A2E-7D0826682B69}.Release|x64.Build.0 = Release|x64
		{CD4554B0-5E85-4898-9A2E-7D0826682B69}.Release|x86.ActiveCfg = Release|Win32
		{CD4554B0-5E85-4898-9A2E-7D0826682B69}.Release|x86.Build.0 = Release|Win32
		{D9BE7C0A-5C6E-43A6-BC04-29E9E797EE1D}.Debug|x64.ActiveCfg = Debug|x64
		{D9BE7C0A-5C6E-43A6-BC04-29E9E797EE1D}.Debug|x64.Build.0 = Debug|x64
		{D9BE7C0A-5C6E-43A6-BC04-29E9E797EE1D}.Debug|x86.ActiveCfg = Debug|Win32
		{D9BE7C0A-5C6E-43A6-BC04-29E9E797EE1D}.Debug|x86.Build.0 = Debug|Win32
		{D9BE7C0A-5C6E-43A6-BC04-29E9E797EE1D}.Release|x64.ActiveCfg = Release|x64
		{D9BE7C0A-5C6E-43A6-BC04-29E9E797EE1D}.Release|x64.Build.0 = Release|x64
		{D9BE7C0A-5C6E-43A6-BC04-29E9E797EE1D}.Release|x86.ActiveCfg = Release|Win32
		{D9BE7C0A-5C6E-43A6-BC04-29E9E797EE1D}.Release|x86.Build.0 = Release|Win32
		{2B821D91-88A3-49B2-84A0-ACA24D577BA6}.Debug|x64.ActiveCfg = Debug|x64
		{2B821D91-88A3-49B2-84A0-ACA24D577BA6}.Debug|x64.Build.0 = Debug|x64
		{2B821D91-88A3-49B2-84A0-ACA24D577BA6}.Debug|x86.ActiveCfg = Debug|Win32
		{2B821D91-88A3-49B2-84A0-ACA24D577BA6}.Debug|x86.Build.0 = Debug|Win32
		{2B821D91-88A3-49B2-84A0-ACA24D577BA6}.Release|x64.ActiveCfg = Release|x64
		{2B821D91-88A3-49B2-84A0-ACA24D577BA6}.Release|x64.Build.0 = Release|x64
		{2B821D91-88A3-49B2-84A0-ACA24D577BA6}.Release|x86.ActiveCfg = Release|Win32
		{2B821D91-88A3-49B2-84A0-ACA24D577BA6}.Release|x86.Build.0 = Release|Win32
	EndGlobalSection
	GlobalSection(SolutionProperties) = preSolution
		HideSolutionNode = FALSE
	EndGlobalSection
	GlobalSection(ExtensibilityGlobals) = postSolution
		SolutionGuid = {2E94A951-D9E6-4B2F-9E07-9282D870FFDC}
	EndGlobalSection
EndGlobal
