
Microsoft Visual Studio Solution File, Format Version 12.00
# Visual Studio 15
VisualStudioVersion = 15.0.28307.329
MinimumVisualStudioVersion = 10.0.40219.1
Project("{8BC9CEB8-8B4A-11D0-8D11-00A0C91BC942}") = "windowsInternals", "windowsInternals\windowsInternals.vcxproj", "{3D789378-7A65-4E3B-8ACD-C8943A7DCDA3}"
EndProject
Project("{8BC9CEB8-8B4A-11D0-8D11-00A0C91BC942}") = "CommandLineApi", "CommandLineApi\CommandLineApi.vcxproj", "{94C17FD2-9CC3-48F1-B1AB-09067AFC4BA8}"
EndProject
Project("{8BC9CEB8-8B4A-11D0-8D11-00A0C91BC942}") = "CommandLineApiUsingTchar", "CommandLineApiUsingTchar\CommandLineApiUsingTchar.vcxproj", "{FDC9AE88-2027-4AD7-9240-5730059D5E3B}"
EndProject
Project("{8BC9CEB8-8B4A-11D0-8D11-00A0C91BC942}") = "ExpandEnvironmentString", "ExpandEnvironmentString\ExpandEnvironmentString.vcxproj", "{0CA156D3-00CA-450B-BCE3-646D0E54CEDF}"
EndProject
Project("{8BC9CEB8-8B4A-11D0-8D11-00A0C91BC942}") = "FileReadUsingReadFile", "FileReadUsingReadFile\FileReadUsingReadFile.vcxproj", "{96289958-B404-46DE-8C9A-CC95345305F2}"
EndProject
Project("{8BC9CEB8-8B4A-11D0-8D11-00A0C91BC942}") = "WriteFileUsingApi", "WriteFileUsingApi\WriteFileUsingApi.vcxproj", "{922F7779-C63F-4AE5-831B-A8D9D91EBAF2}"
EndProject
Project("{8BC9CEB8-8B4A-11D0-8D11-00A0C91BC942}") = "CreatingProcess", "CreatingProcess\CreatingProcess.vcxproj", "{A9E3E774-38F7-4220-B18A-07F72BFD24B7}"
EndProject
Project("{8BC9CEB8-8B4A-11D0-8D11-00A0C91BC942}") = "CreateProcessAndGetInfo", "CreateProcessAndGetInfo\CreateProcessAndGetInfo.vcxproj", "{06E21F38-7584-4F65-B602-8A6F3381F7C9}"
EndProject
Project("{8BC9CEB8-8B4A-11D0-8D11-00A0C91BC942}") = "CreateEventApi", "CreateEventApi\CreateEventApi.vcxproj", "{BC164883-37F9-40AB-B72F-BE9E7FCD2DBD}"
EndProject
Project("{8BC9CEB8-8B4A-11D0-8D11-00A0C91BC942}") = "HandleInheritance", "HandleInheritance\HandleInheritance.vcxproj", "{45DCD655-FD21-4C85-983A-BCA38C6CFAFA}"
EndProject
Project("{8BC9CEB8-8B4A-11D0-8D11-00A0C91BC942}") = "MultiProcess1", "MultiProcess1\MultiProcess1.vcxproj", "{61C11BF1-0B58-4471-81DF-343E13F845DF}"
EndProject
Project("{8BC9CEB8-8B4A-11D0-8D11-00A0C91BC942}") = "MultiProcess2", "MultiProcess2\MultiProcess2.vcxproj", "{A03CD49A-FD4C-458E-B9A6-913F3727E92F}"
EndProject
Project("{8BC9CEB8-8B4A-11D0-8D11-00A0C91BC942}") = "SimpleThreadCreation", "SimpleThreadCreation\SimpleThreadCreation.vcxproj", "{03D5991F-8A95-4DA7-B5B9-1681A31202F7}"
EndProject
Project("{8BC9CEB8-8B4A-11D0-8D11-00A0C91BC942}") = "CreateThreadInSuspended", "CreateThreadInSuspended\CreateThreadInSuspended.vcxproj", "{84BBB7CF-CE07-45CE-958D-92CA781812B9}"
EndProject
Project("{8BC9CEB8-8B4A-11D0-8D11-00A0C91BC942}") = "SecondaryThreadAndPrintExitcode", "SecondaryThreadAndPrintExitcode\SecondaryThreadAndPrintExitcode.vcxproj", "{86C9B841-388E-4683-8FA9-0EF0501C5A4C}"
EndProject
Project("{8BC9CEB8-8B4A-11D0-8D11-00A0C91BC942}") = "InConsistentMethodDemon", "InConsistentMethodDemon\InConsistentMethodDemon.vcxproj", "{B143505D-2ACC-4B8F-8698-8E9FA897E128}"
EndProject
Project("{8BC9CEB8-8B4A-11D0-8D11-00A0C91BC942}") = "UsingInterLockedExchanged", "UsingInterLockedExchanged\UsingInterLockedExchanged.vcxproj", "{1036331A-5420-4F40-B2EE-87B31143FB0F}"
EndProject
Project("{8BC9CEB8-8B4A-11D0-8D11-00A0C91BC942}") = "ChildProcessPriority", "ChildProcessPriority\ChildProcessPriority.vcxproj", "{54A8D468-46C2-42F3-ADF8-71C6F87FFE27}"
EndProject
Project("{8BC9CEB8-8B4A-11D0-8D11-00A0C91BC942}") = "ChildProcessPriority1", "ChildProcessPriority1\ChildProcessPriority1.vcxproj", "{4DE7BA82-EB26-417B-AD25-85AB57B26B35}"
EndProject
Project("{8BC9CEB8-8B4A-11D0-8D11-00A0C91BC942}") = "CriticalSectionDemo", "CriticalSectionDemo\CriticalSectionDemo.vcxproj", "{7015EB4F-1195-42DF-85D4-7243A88F431A}"
EndProject
Global
	GlobalSection(SolutionConfigurationPlatforms) = preSolution
		Debug|x64 = Debug|x64
		Debug|x86 = Debug|x86
		Release|x64 = Release|x64
		Release|x86 = Release|x86
	EndGlobalSection
	GlobalSection(ProjectConfigurationPlatforms) = postSolution
		{3D789378-7A65-4E3B-8ACD-C8943A7DCDA3}.Debug|x64.ActiveCfg = Debug|x64
		{3D789378-7A65-4E3B-8ACD-C8943A7DCDA3}.Debug|x64.Build.0 = Debug|x64
		{3D789378-7A65-4E3B-8ACD-C8943A7DCDA3}.Debug|x86.ActiveCfg = Debug|Win32
		{3D789378-7A65-4E3B-8ACD-C8943A7DCDA3}.Debug|x86.Build.0 = Debug|Win32
		{3D789378-7A65-4E3B-8ACD-C8943A7DCDA3}.Release|x64.ActiveCfg = Release|x64
		{3D789378-7A65-4E3B-8ACD-C8943A7DCDA3}.Release|x64.Build.0 = Release|x64
		{3D789378-7A65-4E3B-8ACD-C8943A7DCDA3}.Release|x86.ActiveCfg = Release|Win32
		{3D789378-7A65-4E3B-8ACD-C8943A7DCDA3}.Release|x86.Build.0 = Release|Win32
		{94C17FD2-9CC3-48F1-B1AB-09067AFC4BA8}.Debug|x64.ActiveCfg = Debug|x64
		{94C17FD2-9CC3-48F1-B1AB-09067AFC4BA8}.Debug|x64.Build.0 = Debug|x64
		{94C17FD2-9CC3-48F1-B1AB-09067AFC4BA8}.Debug|x86.ActiveCfg = Debug|Win32
		{94C17FD2-9CC3-48F1-B1AB-09067AFC4BA8}.Debug|x86.Build.0 = Debug|Win32
		{94C17FD2-9CC3-48F1-B1AB-09067AFC4BA8}.Release|x64.ActiveCfg = Release|x64
		{94C17FD2-9CC3-48F1-B1AB-09067AFC4BA8}.Release|x64.Build.0 = Release|x64
		{94C17FD2-9CC3-48F1-B1AB-09067AFC4BA8}.Release|x86.ActiveCfg = Release|Win32
		{94C17FD2-9CC3-48F1-B1AB-09067AFC4BA8}.Release|x86.Build.0 = Release|Win32
		{FDC9AE88-2027-4AD7-9240-5730059D5E3B}.Debug|x64.ActiveCfg = Debug|x64
		{FDC9AE88-2027-4AD7-9240-5730059D5E3B}.Debug|x64.Build.0 = Debug|x64
		{FDC9AE88-2027-4AD7-9240-5730059D5E3B}.Debug|x86.ActiveCfg = Debug|Win32
		{FDC9AE88-2027-4AD7-9240-5730059D5E3B}.Debug|x86.Build.0 = Debug|Win32
		{FDC9AE88-2027-4AD7-9240-5730059D5E3B}.Release|x64.ActiveCfg = Release|x64
		{FDC9AE88-2027-4AD7-9240-5730059D5E3B}.Release|x64.Build.0 = Release|x64
		{FDC9AE88-2027-4AD7-9240-5730059D5E3B}.Release|x86.ActiveCfg = Release|Win32
		{FDC9AE88-2027-4AD7-9240-5730059D5E3B}.Release|x86.Build.0 = Release|Win32
		{0CA156D3-00CA-450B-BCE3-646D0E54CEDF}.Debug|x64.ActiveCfg = Debug|x64
		{0CA156D3-00CA-450B-BCE3-646D0E54CEDF}.Debug|x64.Build.0 = Debug|x64
		{0CA156D3-00CA-450B-BCE3-646D0E54CEDF}.Debug|x86.ActiveCfg = Debug|Win32
		{0CA156D3-00CA-450B-BCE3-646D0E54CEDF}.Debug|x86.Build.0 = Debug|Win32
		{0CA156D3-00CA-450B-BCE3-646D0E54CEDF}.Release|x64.ActiveCfg = Release|x64
		{0CA156D3-00CA-450B-BCE3-646D0E54CEDF}.Release|x64.Build.0 = Release|x64
		{0CA156D3-00CA-450B-BCE3-646D0E54CEDF}.Release|x86.ActiveCfg = Release|Win32
		{0CA156D3-00CA-450B-BCE3-646D0E54CEDF}.Release|x86.Build.0 = Release|Win32
		{96289958-B404-46DE-8C9A-CC95345305F2}.Debug|x64.ActiveCfg = Debug|x64
		{96289958-B404-46DE-8C9A-CC95345305F2}.Debug|x64.Build.0 = Debug|x64
		{96289958-B404-46DE-8C9A-CC95345305F2}.Debug|x86.ActiveCfg = Debug|Win32
		{96289958-B404-46DE-8C9A-CC95345305F2}.Debug|x86.Build.0 = Debug|Win32
		{96289958-B404-46DE-8C9A-CC95345305F2}.Release|x64.ActiveCfg = Release|x64
		{96289958-B404-46DE-8C9A-CC95345305F2}.Release|x64.Build.0 = Release|x64
		{96289958-B404-46DE-8C9A-CC95345305F2}.Release|x86.ActiveCfg = Release|Win32
		{96289958-B404-46DE-8C9A-CC95345305F2}.Release|x86.Build.0 = Release|Win32
		{922F7779-C63F-4AE5-831B-A8D9D91EBAF2}.Debug|x64.ActiveCfg = Debug|x64
		{922F7779-C63F-4AE5-831B-A8D9D91EBAF2}.Debug|x64.Build.0 = Debug|x64
		{922F7779-C63F-4AE5-831B-A8D9D91EBAF2}.Debug|x86.ActiveCfg = Debug|Win32
		{922F7779-C63F-4AE5-831B-A8D9D91EBAF2}.Debug|x86.Build.0 = Debug|Win32
		{922F7779-C63F-4AE5-831B-A8D9D91EBAF2}.Release|x64.ActiveCfg = Release|x64
		{922F7779-C63F-4AE5-831B-A8D9D91EBAF2}.Release|x64.Build.0 = Release|x64
		{922F7779-C63F-4AE5-831B-A8D9D91EBAF2}.Release|x86.ActiveCfg = Release|Win32
		{922F7779-C63F-4AE5-831B-A8D9D91EBAF2}.Release|x86.Build.0 = Release|Win32
		{A9E3E774-38F7-4220-B18A-07F72BFD24B7}.Debug|x64.ActiveCfg = Debug|x64
		{A9E3E774-38F7-4220-B18A-07F72BFD24B7}.Debug|x64.Build.0 = Debug|x64
		{A9E3E774-38F7-4220-B18A-07F72BFD24B7}.Debug|x86.ActiveCfg = Debug|Win32
		{A9E3E774-38F7-4220-B18A-07F72BFD24B7}.Debug|x86.Build.0 = Debug|Win32
		{A9E3E774-38F7-4220-B18A-07F72BFD24B7}.Release|x64.ActiveCfg = Release|x64
		{A9E3E774-38F7-4220-B18A-07F72BFD24B7}.Release|x64.Build.0 = Release|x64
		{A9E3E774-38F7-4220-B18A-07F72BFD24B7}.Release|x86.ActiveCfg = Release|Win32
		{A9E3E774-38F7-4220-B18A-07F72BFD24B7}.Release|x86.Build.0 = Release|Win32
		{06E21F38-7584-4F65-B602-8A6F3381F7C9}.Debug|x64.ActiveCfg = Debug|x64
		{06E21F38-7584-4F65-B602-8A6F3381F7C9}.Debug|x64.Build.0 = Debug|x64
		{06E21F38-7584-4F65-B602-8A6F3381F7C9}.Debug|x86.ActiveCfg = Debug|Win32
		{06E21F38-7584-4F65-B602-8A6F3381F7C9}.Debug|x86.Build.0 = Debug|Win32
		{06E21F38-7584-4F65-B602-8A6F3381F7C9}.Release|x64.ActiveCfg = Release|x64
		{06E21F38-7584-4F65-B602-8A6F3381F7C9}.Release|x64.Build.0 = Release|x64
		{06E21F38-7584-4F65-B602-8A6F3381F7C9}.Release|x86.ActiveCfg = Release|Win32
		{06E21F38-7584-4F65-B602-8A6F3381F7C9}.Release|x86.Build.0 = Release|Win32
		{BC164883-37F9-40AB-B72F-BE9E7FCD2DBD}.Debug|x64.ActiveCfg = Debug|x64
		{BC164883-37F9-40AB-B72F-BE9E7FCD2DBD}.Debug|x64.Build.0 = Debug|x64
		{BC164883-37F9-40AB-B72F-BE9E7FCD2DBD}.Debug|x86.ActiveCfg = Debug|Win32
		{BC164883-37F9-40AB-B72F-BE9E7FCD2DBD}.Debug|x86.Build.0 = Debug|Win32
		{BC164883-37F9-40AB-B72F-BE9E7FCD2DBD}.Release|x64.ActiveCfg = Release|x64
		{BC164883-37F9-40AB-B72F-BE9E7FCD2DBD}.Release|x64.Build.0 = Release|x64
		{BC164883-37F9-40AB-B72F-BE9E7FCD2DBD}.Release|x86.ActiveCfg = Release|Win32
		{BC164883-37F9-40AB-B72F-BE9E7FCD2DBD}.Release|x86.Build.0 = Release|Win32
		{45DCD655-FD21-4C85-983A-BCA38C6CFAFA}.Debug|x64.ActiveCfg = Debug|x64
		{45DCD655-FD21-4C85-983A-BCA38C6CFAFA}.Debug|x64.Build.0 = Debug|x64
		{45DCD655-FD21-4C85-983A-BCA38C6CFAFA}.Debug|x86.ActiveCfg = Debug|Win32
		{45DCD655-FD21-4C85-983A-BCA38C6CFAFA}.Debug|x86.Build.0 = Debug|Win32
		{45DCD655-FD21-4C85-983A-BCA38C6CFAFA}.Release|x64.ActiveCfg = Release|x64
		{45DCD655-FD21-4C85-983A-BCA38C6CFAFA}.Release|x64.Build.0 = Release|x64
		{45DCD655-FD21-4C85-983A-BCA38C6CFAFA}.Release|x86.ActiveCfg = Release|Win32
		{45DCD655-FD21-4C85-983A-BCA38C6CFAFA}.Release|x86.Build.0 = Release|Win32
		{61C11BF1-0B58-4471-81DF-343E13F845DF}.Debug|x64.ActiveCfg = Debug|x64
		{61C11BF1-0B58-4471-81DF-343E13F845DF}.Debug|x64.Build.0 = Debug|x64
		{61C11BF1-0B58-4471-81DF-343E13F845DF}.Debug|x86.ActiveCfg = Debug|Win32
		{61C11BF1-0B58-4471-81DF-343E13F845DF}.Debug|x86.Build.0 = Debug|Win32
		{61C11BF1-0B58-4471-81DF-343E13F845DF}.Release|x64.ActiveCfg = Release|x64
		{61C11BF1-0B58-4471-81DF-343E13F845DF}.Release|x64.Build.0 = Release|x64
		{61C11BF1-0B58-4471-81DF-343E13F845DF}.Release|x86.ActiveCfg = Release|Win32
		{61C11BF1-0B58-4471-81DF-343E13F845DF}.Release|x86.Build.0 = Release|Win32
		{A03CD49A-FD4C-458E-B9A6-913F3727E92F}.Debug|x64.ActiveCfg = Debug|x64
		{A03CD49A-FD4C-458E-B9A6-913F3727E92F}.Debug|x64.Build.0 = Debug|x64
		{A03CD49A-FD4C-458E-B9A6-913F3727E92F}.Debug|x86.ActiveCfg = Debug|Win32
		{A03CD49A-FD4C-458E-B9A6-913F3727E92F}.Debug|x86.Build.0 = Debug|Win32
		{A03CD49A-FD4C-458E-B9A6-913F3727E92F}.Release|x64.ActiveCfg = Release|x64
		{A03CD49A-FD4C-458E-B9A6-913F3727E92F}.Release|x64.Build.0 = Release|x64
		{A03CD49A-FD4C-458E-B9A6-913F3727E92F}.Release|x86.ActiveCfg = Release|Win32
		{A03CD49A-FD4C-458E-B9A6-913F3727E92F}.Release|x86.Build.0 = Release|Win32
		{03D5991F-8A95-4DA7-B5B9-1681A31202F7}.Debug|x64.ActiveCfg = Debug|x64
		{03D5991F-8A95-4DA7-B5B9-1681A31202F7}.Debug|x64.Build.0 = Debug|x64
		{03D5991F-8A95-4DA7-B5B9-1681A31202F7}.Debug|x86.ActiveCfg = Debug|Win32
		{03D5991F-8A95-4DA7-B5B9-1681A31202F7}.Debug|x86.Build.0 = Debug|Win32
		{03D5991F-8A95-4DA7-B5B9-1681A31202F7}.Release|x64.ActiveCfg = Release|x64
		{03D5991F-8A95-4DA7-B5B9-1681A31202F7}.Release|x64.Build.0 = Release|x64
		{03D5991F-8A95-4DA7-B5B9-1681A31202F7}.Release|x86.ActiveCfg = Release|Win32
		{03D5991F-8A95-4DA7-B5B9-1681A31202F7}.Release|x86.Build.0 = Release|Win32
		{84BBB7CF-CE07-45CE-958D-92CA781812B9}.Debug|x64.ActiveCfg = Debug|x64
		{84BBB7CF-CE07-45CE-958D-92CA781812B9}.Debug|x64.Build.0 = Debug|x64
		{84BBB7CF-CE07-45CE-958D-92CA781812B9}.Debug|x86.ActiveCfg = Debug|Win32
		{84BBB7CF-CE07-45CE-958D-92CA781812B9}.Debug|x86.Build.0 = Debug|Win32
		{84BBB7CF-CE07-45CE-958D-92CA781812B9}.Release|x64.ActiveCfg = Release|x64
		{84BBB7CF-CE07-45CE-958D-92CA781812B9}.Release|x64.Build.0 = Release|x64
		{84BBB7CF-CE07-45CE-958D-92CA781812B9}.Release|x86.ActiveCfg = Release|Win32
		{84BBB7CF-CE07-45CE-958D-92CA781812B9}.Release|x86.Build.0 = Release|Win32
		{86C9B841-388E-4683-8FA9-0EF0501C5A4C}.Debug|x64.ActiveCfg = Debug|x64
		{86C9B841-388E-4683-8FA9-0EF0501C5A4C}.Debug|x64.Build.0 = Debug|x64
		{86C9B841-388E-4683-8FA9-0EF0501C5A4C}.Debug|x86.ActiveCfg = Debug|Win32
		{86C9B841-388E-4683-8FA9-0EF0501C5A4C}.Debug|x86.Build.0 = Debug|Win32
		{86C9B841-388E-4683-8FA9-0EF0501C5A4C}.Release|x64.ActiveCfg = Release|x64
		{86C9B841-388E-4683-8FA9-0EF0501C5A4C}.Release|x64.Build.0 = Release|x64
		{86C9B841-388E-4683-8FA9-0EF0501C5A4C}.Release|x86.ActiveCfg = Release|Win32
		{86C9B841-388E-4683-8FA9-0EF0501C5A4C}.Release|x86.Build.0 = Release|Win32
		{B143505D-2ACC-4B8F-8698-8E9FA897E128}.Debug|x64.ActiveCfg = Debug|x64
		{B143505D-2ACC-4B8F-8698-8E9FA897E128}.Debug|x64.Build.0 = Debug|x64
		{B143505D-2ACC-4B8F-8698-8E9FA897E128}.Debug|x86.ActiveCfg = Debug|Win32
		{B143505D-2ACC-4B8F-8698-8E9FA897E128}.Debug|x86.Build.0 = Debug|Win32
		{B143505D-2ACC-4B8F-8698-8E9FA897E128}.Release|x64.ActiveCfg = Release|x64
		{B143505D-2ACC-4B8F-8698-8E9FA897E128}.Release|x64.Build.0 = Release|x64
		{B143505D-2ACC-4B8F-8698-8E9FA897E128}.Release|x86.ActiveCfg = Release|Win32
		{B143505D-2ACC-4B8F-8698-8E9FA897E128}.Release|x86.Build.0 = Release|Win32
		{1036331A-5420-4F40-B2EE-87B31143FB0F}.Debug|x64.ActiveCfg = Debug|x64
		{1036331A-5420-4F40-B2EE-87B31143FB0F}.Debug|x64.Build.0 = Debug|x64
		{1036331A-5420-4F40-B2EE-87B31143FB0F}.Debug|x86.ActiveCfg = Debug|Win32
		{1036331A-5420-4F40-B2EE-87B31143FB0F}.Debug|x86.Build.0 = Debug|Win32
		{1036331A-5420-4F40-B2EE-87B31143FB0F}.Release|x64.ActiveCfg = Release|x64
		{1036331A-5420-4F40-B2EE-87B31143FB0F}.Release|x64.Build.0 = Release|x64
		{1036331A-5420-4F40-B2EE-87B31143FB0F}.Release|x86.ActiveCfg = Release|Win32
		{1036331A-5420-4F40-B2EE-87B31143FB0F}.Release|x86.Build.0 = Release|Win32
		{54A8D468-46C2-42F3-ADF8-71C6F87FFE27}.Debug|x64.ActiveCfg = Debug|x64
		{54A8D468-46C2-42F3-ADF8-71C6F87FFE27}.Debug|x64.Build.0 = Debug|x64
		{54A8D468-46C2-42F3-ADF8-71C6F87FFE27}.Debug|x86.ActiveCfg = Debug|Win32
		{54A8D468-46C2-42F3-ADF8-71C6F87FFE27}.Debug|x86.Build.0 = Debug|Win32
		{54A8D468-46C2-42F3-ADF8-71C6F87FFE27}.Release|x64.ActiveCfg = Release|x64
		{54A8D468-46C2-42F3-ADF8-71C6F87FFE27}.Release|x64.Build.0 = Release|x64
		{54A8D468-46C2-42F3-ADF8-71C6F87FFE27}.Release|x86.ActiveCfg = Release|Win32
		{54A8D468-46C2-42F3-ADF8-71C6F87FFE27}.Release|x86.Build.0 = Release|Win32
		{4DE7BA82-EB26-417B-AD25-85AB57B26B35}.Debug|x64.ActiveCfg = Debug|x64
		{4DE7BA82-EB26-417B-AD25-85AB57B26B35}.Debug|x64.Build.0 = Debug|x64
		{4DE7BA82-EB26-417B-AD25-85AB57B26B35}.Debug|x86.ActiveCfg = Debug|Win32
		{4DE7BA82-EB26-417B-AD25-85AB57B26B35}.Debug|x86.Build.0 = Debug|Win32
		{4DE7BA82-EB26-417B-AD25-85AB57B26B35}.Release|x64.ActiveCfg = Release|x64
		{4DE7BA82-EB26-417B-AD25-85AB57B26B35}.Release|x64.Build.0 = Release|x64
		{4DE7BA82-EB26-417B-AD25-85AB57B26B35}.Release|x86.ActiveCfg = Release|Win32
		{4DE7BA82-EB26-417B-AD25-85AB57B26B35}.Release|x86.Build.0 = Release|Win32
		{7015EB4F-1195-42DF-85D4-7243A88F431A}.Debug|x64.ActiveCfg = Debug|x64
		{7015EB4F-1195-42DF-85D4-7243A88F431A}.Debug|x64.Build.0 = Debug|x64
		{7015EB4F-1195-42DF-85D4-7243A88F431A}.Debug|x86.ActiveCfg = Debug|Win32
		{7015EB4F-1195-42DF-85D4-7243A88F431A}.Debug|x86.Build.0 = Debug|Win32
		{7015EB4F-1195-42DF-85D4-7243A88F431A}.Release|x64.ActiveCfg = Release|x64
		{7015EB4F-1195-42DF-85D4-7243A88F431A}.Release|x64.Build.0 = Release|x64
		{7015EB4F-1195-42DF-85D4-7243A88F431A}.Release|x86.ActiveCfg = Release|Win32
		{7015EB4F-1195-42DF-85D4-7243A88F431A}.Release|x86.Build.0 = Release|Win32
	EndGlobalSection
	GlobalSection(SolutionProperties) = preSolution
		HideSolutionNode = FALSE
	EndGlobalSection
	GlobalSection(ExtensibilityGlobals) = postSolution
		SolutionGuid = {6AA97176-511F-4BC7-A18F-02A40A9F1A28}
	EndGlobalSection
EndGlobal
