
Microsoft Visual Studio Solution File, Format Version 12.00
# Visual Studio 15
VisualStudioVersion = 15.0.28307.329
MinimumVisualStudioVersion = 10.0.40219.1
Project("{8BC9CEB8-8B4A-11D0-8D11-00A0C91BC942}") = "windowsInternals", "windowsInternals\windowsInternals.vcxproj", "{3D789378-7A65-4E3B-8ACD-C8943A7DCDA3}"
EndProject
Project("{8BC9CEB8-8B4A-11D0-8D11-00A0C91BC942}") = "CommandLineApi", "CommandLineApi\CommandLineApi.vcxproj", "{94C17FD2-9CC3-48F1-B1AB-09067AFC4BA8}"
EndProject
Project("{8BC9CEB8-8B4A-11D0-8D11-00A0C91BC942}") = "CommandLineApiUsingTchar", "CommandLineApiUsingTchar\CommandLineApiUsingTchar.vcxproj", "{FDC9AE88-2027-4AD7-9240-5730059D5E3B}"
EndProject
Project("{8BC9CEB8-8B4A-11D0-8D11-00A0C91BC942}") = "ExpandEnvironmentString", "ExpandEnvironmentString\ExpandEnvironmentString.vcxproj", "{0CA156D3-00CA-450B-BCE3-646D0E54CEDF}"
EndProject
Project("{8BC9CEB8-8B4A-11D0-8D11-00A0C91BC942}") = "FileReadUsingReadFile", "FileReadUsingReadFile\FileReadUsingReadFile.vcxproj", "{96289958-B404-46DE-8C9A-CC95345305F2}"
EndProject
Project("{8BC9CEB8-8B4A-11D0-8D11-00A0C91BC942}") = "WriteFileUsingApi", "WriteFileUsingApi\WriteFileUsingApi.vcxproj", "{922F7779-C63F-4AE5-831B-A8D9D91EBAF2}"
EndProject
Project("{8BC9CEB8-8B4A-11D0-8D11-00A0C91BC942}") = "CreatingProcess", "CreatingProcess\CreatingProcess.vcxproj", "{A9E3E774-38F7-4220-B18A-07F72BFD24B7}"
EndProject
Project("{8BC9CEB8-8B4A-11D0-8D11-00A0C91BC942}") = "CreateProcessAndGetInfo", "CreateProcessAndGetInfo\CreateProcessAndGetInfo.vcxproj", "{06E21F38-7584-4F65-B602-8A6F3381F7C9}"
EndProject
Project("{8BC9CEB8-8B4A-11D0-8D11-00A0C91BC942}") = "CreateEventApi", "CreateEventApi\CreateEventApi.vcxproj", "{BC164883-37F9-40AB-B72F-BE9E7FCD2DBD}"
EndProject
Global
	GlobalSection(SolutionConfigurationPlatforms) = preSolution
		Debug|x64 = Debug|x64
		Debug|x86 = Debug|x86
		Release|x64 = Release|x64
		Release|x86 = Release|x86
	EndGlobalSection
	GlobalSection(ProjectConfigurationPlatforms) = postSolution
		{3D789378-7A65-4E3B-8ACD-C8943A7DCDA3}.Debug|x64.ActiveCfg = Debug|x64
		{3D789378-7A65-4E3B-8ACD-C8943A7DCDA3}.Debug|x64.Build.0 = Debug|x64
		{3D789378-7A65-4E3B-8ACD-C8943A7DCDA3}.Debug|x86.ActiveCfg = Debug|Win32
		{3D789378-7A65-4E3B-8ACD-C8943A7DCDA3}.Debug|x86.Build.0 = Debug|Win32
		{3D789378-7A65-4E3B-8ACD-C8943A7DCDA3}.Release|x64.ActiveCfg = Release|x64
		{3D789378-7A65-4E3B-8ACD-C8943A7DCDA3}.Release|x64.Build.0 = Release|x64
		{3D789378-7A65-4E3B-8ACD-C8943A7DCDA3}.Release|x86.ActiveCfg = Release|Win32
		{3D789378-7A65-4E3B-8ACD-C8943A7DCDA3}.Release|x86.Build.0 = Release|Win32
		{94C17FD2-9CC3-48F1-B1AB-09067AFC4BA8}.Debug|x64.ActiveCfg = Debug|x64
		{94C17FD2-9CC3-48F1-B1AB-09067AFC4BA8}.Debug|x64.Build.0 = Debug|x64
		{94C17FD2-9CC3-48F1-B1AB-09067AFC4BA8}.Debug|x86.ActiveCfg = Debug|Win32
		{94C17FD2-9CC3-48F1-B1AB-09067AFC4BA8}.Debug|x86.Build.0 = Debug|Win32
		{94C17FD2-9CC3-48F1-B1AB-09067AFC4BA8}.Release|x64.ActiveCfg = Release|x64
		{94C17FD2-9CC3-48F1-B1AB-09067AFC4BA8}.Release|x64.Build.0 = Release|x64
		{94C17FD2-9CC3-48F1-B1AB-09067AFC4BA8}.Release|x86.ActiveCfg = Release|Win32
		{94C17FD2-9CC3-48F1-B1AB-09067AFC4BA8}.Release|x86.Build.0 = Release|Win32
		{FDC9AE88-2027-4AD7-9240-5730059D5E3B}.Debug|x64.ActiveCfg = Debug|x64
		{FDC9AE88-2027-4AD7-9240-5730059D5E3B}.Debug|x64.Build.0 = Debug|x64
		{FDC9AE88-2027-4AD7-9240-5730059D5E3B}.Debug|x86.ActiveCfg = Debug|Win32
		{FDC9AE88-2027-4AD7-9240-5730059D5E3B}.Debug|x86.Build.0 = Debug|Win32
		{FDC9AE88-2027-4AD7-9240-5730059D5E3B}.Release|x64.ActiveCfg = Release|x64
		{FDC9AE88-2027-4AD7-9240-5730059D5E3B}.Release|x64.Build.0 = Release|x64
		{FDC9AE88-2027-4AD7-9240-5730059D5E3B}.Release|x86.ActiveCfg = Release|Win32
		{FDC9AE88-2027-4AD7-9240-5730059D5E3B}.Release|x86.Build.0 = Release|Win32
		{0CA156D3-00CA-450B-BCE3-646D0E54CEDF}.Debug|x64.ActiveCfg = Debug|x64
		{0CA156D3-00CA-450B-BCE3-646D0E54CEDF}.Debug|x64.Build.0 = Debug|x64
		{0CA156D3-00CA-450B-BCE3-646D0E54CEDF}.Debug|x86.ActiveCfg = Debug|Win32
		{0CA156D3-00CA-450B-BCE3-646D0E54CEDF}.Debug|x86.Build.0 = Debug|Win32
		{0CA156D3-00CA-450B-BCE3-646D0E54CEDF}.Release|x64.ActiveCfg = Release|x64
		{0CA156D3-00CA-450B-BCE3-646D0E54CEDF}.Release|x64.Build.0 = Release|x64
		{0CA156D3-00CA-450B-BCE3-646D0E54CEDF}.Release|x86.ActiveCfg = Release|Win32
		{0CA156D3-00CA-450B-BCE3-646D0E54CEDF}.Release|x86.Build.0 = Release|Win32
		{96289958-B404-46DE-8C9A-CC95345305F2}.Debug|x64.ActiveCfg = Debug|x64
		{96289958-B404-46DE-8C9A-CC95345305F2}.Debug|x64.Build.0 = Debug|x64
		{96289958-B404-46DE-8C9A-CC95345305F2}.Debug|x86.ActiveCfg = Debug|Win32
		{96289958-B404-46DE-8C9A-CC95345305F2}.Debug|x86.Build.0 = Debug|Win32
		{96289958-B404-46DE-8C9A-CC95345305F2}.Release|x64.ActiveCfg = Release|x64
		{96289958-B404-46DE-8C9A-CC95345305F2}.Release|x64.Build.0 = Release|x64
		{96289958-B404-46DE-8C9A-CC95345305F2}.Release|x86.ActiveCfg = Release|Win32
		{96289958-B404-46DE-8C9A-CC95345305F2}.Release|x86.Build.0 = Release|Win32
		{922F7779-C63F-4AE5-831B-A8D9D91EBAF2}.Debug|x64.ActiveCfg = Debug|x64
		{922F7779-C63F-4AE5-831B-A8D9D91EBAF2}.Debug|x64.Build.0 = Debug|x64
		{922F7779-C63F-4AE5-831B-A8D9D91EBAF2}.Debug|x86.ActiveCfg = Debug|Win32
		{922F7779-C63F-4AE5-831B-A8D9D91EBAF2}.Debug|x86.Build.0 = Debug|Win32
		{922F7779-C63F-4AE5-831B-A8D9D91EBAF2}.Release|x64.ActiveCfg = Release|x64
		{922F7779-C63F-4AE5-831B-A8D9D91EBAF2}.Release|x64.Build.0 = Release|x64
		{922F7779-C63F-4AE5-831B-A8D9D91EBAF2}.Release|x86.ActiveCfg = Release|Win32
		{922F7779-C63F-4AE5-831B-A8D9D91EBAF2}.Release|x86.Build.0 = Release|Win32
		{A9E3E774-38F7-4220-B18A-07F72BFD24B7}.Debug|x64.ActiveCfg = Debug|x64
		{A9E3E774-38F7-4220-B18A-07F72BFD24B7}.Debug|x64.Build.0 = Debug|x64
		{A9E3E774-38F7-4220-B18A-07F72BFD24B7}.Debug|x86.ActiveCfg = Debug|Win32
		{A9E3E774-38F7-4220-B18A-07F72BFD24B7}.Debug|x86.Build.0 = Debug|Win32
		{A9E3E774-38F7-4220-B18A-07F72BFD24B7}.Release|x64.ActiveCfg = Release|x64
		{A9E3E774-38F7-4220-B18A-07F72BFD24B7}.Release|x64.Build.0 = Release|x64
		{A9E3E774-38F7-4220-B18A-07F72BFD24B7}.Release|x86.ActiveCfg = Release|Win32
		{A9E3E774-38F7-4220-B18A-07F72BFD24B7}.Release|x86.Build.0 = Release|Win32
		{06E21F38-7584-4F65-B602-8A6F3381F7C9}.Debug|x64.ActiveCfg = Debug|x64
		{06E21F38-7584-4F65-B602-8A6F3381F7C9}.Debug|x64.Build.0 = Debug|x64
		{06E21F38-7584-4F65-B602-8A6F3381F7C9}.Debug|x86.ActiveCfg = Debug|Win32
		{06E21F38-7584-4F65-B602-8A6F3381F7C9}.Debug|x86.Build.0 = Debug|Win32
		{06E21F38-7584-4F65-B602-8A6F3381F7C9}.Release|x64.ActiveCfg = Release|x64
		{06E21F38-7584-4F65-B602-8A6F3381F7C9}.Release|x64.Build.0 = Release|x64
		{06E21F38-7584-4F65-B602-8A6F3381F7C9}.Release|x86.ActiveCfg = Release|Win32
		{06E21F38-7584-4F65-B602-8A6F3381F7C9}.Release|x86.Build.0 = Release|Win32
		{BC164883-37F9-40AB-B72F-BE9E7FCD2DBD}.Debug|x64.ActiveCfg = Debug|x64
		{BC164883-37F9-40AB-B72F-BE9E7FCD2DBD}.Debug|x64.Build.0 = Debug|x64
		{BC164883-37F9-40AB-B72F-BE9E7FCD2DBD}.Debug|x86.ActiveCfg = Debug|Win32
		{BC164883-37F9-40AB-B72F-BE9E7FCD2DBD}.Debug|x86.Build.0 = Debug|Win32
		{BC164883-37F9-40AB-B72F-BE9E7FCD2DBD}.Release|x64.ActiveCfg = Release|x64
		{BC164883-37F9-40AB-B72F-BE9E7FCD2DBD}.Release|x64.Build.0 = Release|x64
		{BC164883-37F9-40AB-B72F-BE9E7FCD2DBD}.Release|x86.ActiveCfg = Release|Win32
		{BC164883-37F9-40AB-B72F-BE9E7FCD2DBD}.Release|x86.Build.0 = Release|Win32
	EndGlobalSection
	GlobalSection(SolutionProperties) = preSolution
		HideSolutionNode = FALSE
	EndGlobalSection
	GlobalSection(ExtensibilityGlobals) = postSolution
		SolutionGuid = {6AA97176-511F-4BC7-A18F-02A40A9F1A28}
	EndGlobalSection
EndGlobal
