
Microsoft Visual Studio Solution File, Format Version 12.00
# Visual Studio 15
VisualStudioVersion = 15.0.28307.329
MinimumVisualStudioVersion = 10.0.40219.1
Project("{8BC9CEB8-8B4A-11D0-8D11-00A0C91BC942}") = "Armstrongnumber", "Armstrongnumber\Armstrongnumber.vcxproj", "{71135E03-8031-4583-BB0A-0B1EC493AF9E}"
EndProject
Project("{8BC9CEB8-8B4A-11D0-8D11-00A0C91BC942}") = "GrossSalary", "GrossSalary\GrossSalary.vcxproj", "{4DCCF020-BB1F-4BC6-943B-6C1CECC9D4BC}"
EndProject
Project("{8BC9CEB8-8B4A-11D0-8D11-00A0C91BC942}") = "IntToBinAndIntToHex", "IntToBinAndIntToHex\IntToBinAndIntToHex.vcxproj", "{C9E6D42D-1339-4E9F-8403-68E315012AE9}"
EndProject
Project("{8BC9CEB8-8B4A-11D0-8D11-00A0C91BC942}") = "InvertPosOnwards", "InvertPosOnwards\InvertPosOnwards.vcxproj", "{57768B24-2FD8-42A9-ACFC-37272F7F277C}"
EndProject
Project("{8BC9CEB8-8B4A-11D0-8D11-00A0C91BC942}") = "Palindrome", "Palindrome\Palindrome.vcxproj", "{BAAE3AAA-95B1-493C-B854-A190C7FFC92A}"
EndProject
Project("{8BC9CEB8-8B4A-11D0-8D11-00A0C91BC942}") = "Pyramid", "Pyramid\Pyramid.vcxproj", "{A3F0DABA-EA66-4727-B688-A85748D9D77B}"
EndProject
Project("{8BC9CEB8-8B4A-11D0-8D11-00A0C91BC942}") = "RotateRight", "RotateRight\RotateRight.vcxproj", "{1170EE20-9865-4B4D-A3C3-D67A0879A74A}"
EndProject
Project("{8BC9CEB8-8B4A-11D0-8D11-00A0C91BC942}") = "SimpleAndCompoundInterest", "SimpleAndCompoundInterest\SimpleAndCompoundInterest.vcxproj", "{52276659-F1AC-420F-BAB2-6D727915F621}"
EndProject
Project("{8BC9CEB8-8B4A-11D0-8D11-00A0C91BC942}") = "SumOfDigits", "SumOfDigits\SumOfDigits.vcxproj", "{2836059B-DE9A-4A2B-873D-E7B14049175B}"
EndProject
Project("{8BC9CEB8-8B4A-11D0-8D11-00A0C91BC942}") = "MinMaxAvg", "MinMaxAvg\MinMaxAvg.vcxproj", "{0CBD7E1A-D9DA-4C2B-BA19-3D54DFB569EB}"
EndProject
Project("{8BC9CEB8-8B4A-11D0-8D11-00A0C91BC942}") = "Calculator", "Calculator\Calculator.vcxproj", "{A2E8F108-64A1-4F34-9EA1-D0AA0FF0BB92}"
EndProject
Project("{8BC9CEB8-8B4A-11D0-8D11-00A0C91BC942}") = "NumbersCharactersInString", "NumbersCharactersInString\NumbersCharactersInString.vcxproj", "{1A4366B3-FE65-4D80-A22A-B4981BD17F77}"
EndProject
Project("{8BC9CEB8-8B4A-11D0-8D11-00A0C91BC942}") = "Factorial", "Factorial\Factorial.vcxproj", "{5D66916A-5515-4B30-81AB-DB4E1DFCFB07}"
EndProject
Project("{8BC9CEB8-8B4A-11D0-8D11-00A0C91BC942}") = "reversenumber", "reversenumber\reversenumber.vcxproj", "{5641D6A5-A86D-4FC9-B33D-FEE0F78D0611}"
EndProject
Project("{8BC9CEB8-8B4A-11D0-8D11-00A0C91BC942}") = "PrimeBetweenIntervals", "PrimeBetweenIntervals\PrimeBetweenIntervals.vcxproj", "{1F5CC46A-B924-4326-B4C4-C914B3702B26}"
EndProject
Project("{8BC9CEB8-8B4A-11D0-8D11-00A0C91BC942}") = "IntToBinAndViceVersa", "IntToBinAndViceVersa\IntToBinAndViceVersa.vcxproj", "{9DAAAB45-BA5E-40EC-8086-9747C85F52DA}"
EndProject
Project("{8BC9CEB8-8B4A-11D0-8D11-00A0C91BC942}") = "BinToHexAndViceVersa", "BinToHexAndViceVersa\BinToHexAndViceVersa.vcxproj", "{30F9803A-5FBB-4C1A-9C2F-BD1C982EEFEF}"
EndProject
Project("{8BC9CEB8-8B4A-11D0-8D11-00A0C91BC942}") = "IndexesOfSum", "IndexesOfSum\IndexesOfSum.vcxproj", "{7016599D-00A4-4340-B8FF-724C2A422840}"
EndProject
Project("{8BC9CEB8-8B4A-11D0-8D11-00A0C91BC942}") = "SeggregatePositiveNegative", "SeggregatePositiveNegative\SeggregatePositiveNegative.vcxproj", "{9E53F861-BA5B-4748-8DDA-191AB295FDD9}"
EndProject
Global
	GlobalSection(SolutionConfigurationPlatforms) = preSolution
		Debug|x64 = Debug|x64
		Debug|x86 = Debug|x86
		Release|x64 = Release|x64
		Release|x86 = Release|x86
	EndGlobalSection
	GlobalSection(ProjectConfigurationPlatforms) = postSolution
		{71135E03-8031-4583-BB0A-0B1EC493AF9E}.Debug|x64.ActiveCfg = Debug|x64
		{71135E03-8031-4583-BB0A-0B1EC493AF9E}.Debug|x64.Build.0 = Debug|x64
		{71135E03-8031-4583-BB0A-0B1EC493AF9E}.Debug|x86.ActiveCfg = Debug|Win32
		{71135E03-8031-4583-BB0A-0B1EC493AF9E}.Debug|x86.Build.0 = Debug|Win32
		{71135E03-8031-4583-BB0A-0B1EC493AF9E}.Release|x64.ActiveCfg = Release|x64
		{71135E03-8031-4583-BB0A-0B1EC493AF9E}.Release|x64.Build.0 = Release|x64
		{71135E03-8031-4583-BB0A-0B1EC493AF9E}.Release|x86.ActiveCfg = Release|Win32
		{71135E03-8031-4583-BB0A-0B1EC493AF9E}.Release|x86.Build.0 = Release|Win32
		{4DCCF020-BB1F-4BC6-943B-6C1CECC9D4BC}.Debug|x64.ActiveCfg = Debug|x64
		{4DCCF020-BB1F-4BC6-943B-6C1CECC9D4BC}.Debug|x64.Build.0 = Debug|x64
		{4DCCF020-BB1F-4BC6-943B-6C1CECC9D4BC}.Debug|x86.ActiveCfg = Debug|Win32
		{4DCCF020-BB1F-4BC6-943B-6C1CECC9D4BC}.Debug|x86.Build.0 = Debug|Win32
		{4DCCF020-BB1F-4BC6-943B-6C1CECC9D4BC}.Release|x64.ActiveCfg = Release|x64
		{4DCCF020-BB1F-4BC6-943B-6C1CECC9D4BC}.Release|x64.Build.0 = Release|x64
		{4DCCF020-BB1F-4BC6-943B-6C1CECC9D4BC}.Release|x86.ActiveCfg = Release|Win32
		{4DCCF020-BB1F-4BC6-943B-6C1CECC9D4BC}.Release|x86.Build.0 = Release|Win32
		{C9E6D42D-1339-4E9F-8403-68E315012AE9}.Debug|x64.ActiveCfg = Debug|x64
		{C9E6D42D-1339-4E9F-8403-68E315012AE9}.Debug|x64.Build.0 = Debug|x64
		{C9E6D42D-1339-4E9F-8403-68E315012AE9}.Debug|x86.ActiveCfg = Debug|Win32
		{C9E6D42D-1339-4E9F-8403-68E315012AE9}.Debug|x86.Build.0 = Debug|Win32
		{C9E6D42D-1339-4E9F-8403-68E315012AE9}.Release|x64.ActiveCfg = Release|x64
		{C9E6D42D-1339-4E9F-8403-68E315012AE9}.Release|x64.Build.0 = Release|x64
		{C9E6D42D-1339-4E9F-8403-68E315012AE9}.Release|x86.ActiveCfg = Release|Win32
		{C9E6D42D-1339-4E9F-8403-68E315012AE9}.Release|x86.Build.0 = Release|Win32
		{57768B24-2FD8-42A9-ACFC-37272F7F277C}.Debug|x64.ActiveCfg = Debug|x64
		{57768B24-2FD8-42A9-ACFC-37272F7F277C}.Debug|x64.Build.0 = Debug|x64
		{57768B24-2FD8-42A9-ACFC-37272F7F277C}.Debug|x86.ActiveCfg = Debug|Win32
		{57768B24-2FD8-42A9-ACFC-37272F7F277C}.Debug|x86.Build.0 = Debug|Win32
		{57768B24-2FD8-42A9-ACFC-37272F7F277C}.Release|x64.ActiveCfg = Release|x64
		{57768B24-2FD8-42A9-ACFC-37272F7F277C}.Release|x64.Build.0 = Release|x64
		{57768B24-2FD8-42A9-ACFC-37272F7F277C}.Release|x86.ActiveCfg = Release|Win32
		{57768B24-2FD8-42A9-ACFC-37272F7F277C}.Release|x86.Build.0 = Release|Win32
		{BAAE3AAA-95B1-493C-B854-A190C7FFC92A}.Debug|x64.ActiveCfg = Debug|x64
		{BAAE3AAA-95B1-493C-B854-A190C7FFC92A}.Debug|x64.Build.0 = Debug|x64
		{BAAE3AAA-95B1-493C-B854-A190C7FFC92A}.Debug|x86.ActiveCfg = Debug|Win32
		{BAAE3AAA-95B1-493C-B854-A190C7FFC92A}.Debug|x86.Build.0 = Debug|Win32
		{BAAE3AAA-95B1-493C-B854-A190C7FFC92A}.Release|x64.ActiveCfg = Release|x64
		{BAAE3AAA-95B1-493C-B854-A190C7FFC92A}.Release|x64.Build.0 = Release|x64
		{BAAE3AAA-95B1-493C-B854-A190C7FFC92A}.Release|x86.ActiveCfg = Release|Win32
		{BAAE3AAA-95B1-493C-B854-A190C7FFC92A}.Release|x86.Build.0 = Release|Win32
		{A3F0DABA-EA66-4727-B688-A85748D9D77B}.Debug|x64.ActiveCfg = Debug|x64
		{A3F0DABA-EA66-4727-B688-A85748D9D77B}.Debug|x64.Build.0 = Debug|x64
		{A3F0DABA-EA66-4727-B688-A85748D9D77B}.Debug|x86.ActiveCfg = Debug|Win32
		{A3F0DABA-EA66-4727-B688-A85748D9D77B}.Debug|x86.Build.0 = Debug|Win32
		{A3F0DABA-EA66-4727-B688-A85748D9D77B}.Release|x64.ActiveCfg = Release|x64
		{A3F0DABA-EA66-4727-B688-A85748D9D77B}.Release|x64.Build.0 = Release|x64
		{A3F0DABA-EA66-4727-B688-A85748D9D77B}.Release|x86.ActiveCfg = Release|Win32
		{A3F0DABA-EA66-4727-B688-A85748D9D77B}.Release|x86.Build.0 = Release|Win32
		{1170EE20-9865-4B4D-A3C3-D67A0879A74A}.Debug|x64.ActiveCfg = Debug|x64
		{1170EE20-9865-4B4D-A3C3-D67A0879A74A}.Debug|x64.Build.0 = Debug|x64
		{1170EE20-9865-4B4D-A3C3-D67A0879A74A}.Debug|x86.ActiveCfg = Debug|Win32
		{1170EE20-9865-4B4D-A3C3-D67A0879A74A}.Debug|x86.Build.0 = Debug|Win32
		{1170EE20-9865-4B4D-A3C3-D67A0879A74A}.Release|x64.ActiveCfg = Release|x64
		{1170EE20-9865-4B4D-A3C3-D67A0879A74A}.Release|x64.Build.0 = Release|x64
		{1170EE20-9865-4B4D-A3C3-D67A0879A74A}.Release|x86.ActiveCfg = Release|Win32
		{1170EE20-9865-4B4D-A3C3-D67A0879A74A}.Release|x86.Build.0 = Release|Win32
		{52276659-F1AC-420F-BAB2-6D727915F621}.Debug|x64.ActiveCfg = Debug|x64
		{52276659-F1AC-420F-BAB2-6D727915F621}.Debug|x64.Build.0 = Debug|x64
		{52276659-F1AC-420F-BAB2-6D727915F621}.Debug|x86.ActiveCfg = Debug|Win32
		{52276659-F1AC-420F-BAB2-6D727915F621}.Debug|x86.Build.0 = Debug|Win32
		{52276659-F1AC-420F-BAB2-6D727915F621}.Release|x64.ActiveCfg = Release|x64
		{52276659-F1AC-420F-BAB2-6D727915F621}.Release|x64.Build.0 = Release|x64
		{52276659-F1AC-420F-BAB2-6D727915F621}.Release|x86.ActiveCfg = Release|Win32
		{52276659-F1AC-420F-BAB2-6D727915F621}.Release|x86.Build.0 = Release|Win32
		{2836059B-DE9A-4A2B-873D-E7B14049175B}.Debug|x64.ActiveCfg = Debug|x64
		{2836059B-DE9A-4A2B-873D-E7B14049175B}.Debug|x64.Build.0 = Debug|x64
		{2836059B-DE9A-4A2B-873D-E7B14049175B}.Debug|x86.ActiveCfg = Debug|Win32
		{2836059B-DE9A-4A2B-873D-E7B14049175B}.Debug|x86.Build.0 = Debug|Win32
		{2836059B-DE9A-4A2B-873D-E7B14049175B}.Release|x64.ActiveCfg = Release|x64
		{2836059B-DE9A-4A2B-873D-E7B14049175B}.Release|x64.Build.0 = Release|x64
		{2836059B-DE9A-4A2B-873D-E7B14049175B}.Release|x86.ActiveCfg = Release|Win32
		{2836059B-DE9A-4A2B-873D-E7B14049175B}.Release|x86.Build.0 = Release|Win32
		{0CBD7E1A-D9DA-4C2B-BA19-3D54DFB569EB}.Debug|x64.ActiveCfg = Debug|x64
		{0CBD7E1A-D9DA-4C2B-BA19-3D54DFB569EB}.Debug|x64.Build.0 = Debug|x64
		{0CBD7E1A-D9DA-4C2B-BA19-3D54DFB569EB}.Debug|x86.ActiveCfg = Debug|Win32
		{0CBD7E1A-D9DA-4C2B-BA19-3D54DFB569EB}.Debug|x86.Build.0 = Debug|Win32
		{0CBD7E1A-D9DA-4C2B-BA19-3D54DFB569EB}.Release|x64.ActiveCfg = Release|x64
		{0CBD7E1A-D9DA-4C2B-BA19-3D54DFB569EB}.Release|x64.Build.0 = Release|x64
		{0CBD7E1A-D9DA-4C2B-BA19-3D54DFB569EB}.Release|x86.ActiveCfg = Release|Win32
		{0CBD7E1A-D9DA-4C2B-BA19-3D54DFB569EB}.Release|x86.Build.0 = Release|Win32
		{A2E8F108-64A1-4F34-9EA1-D0AA0FF0BB92}.Debug|x64.ActiveCfg = Debug|x64
		{A2E8F108-64A1-4F34-9EA1-D0AA0FF0BB92}.Debug|x64.Build.0 = Debug|x64
		{A2E8F108-64A1-4F34-9EA1-D0AA0FF0BB92}.Debug|x86.ActiveCfg = Debug|Win32
		{A2E8F108-64A1-4F34-9EA1-D0AA0FF0BB92}.Debug|x86.Build.0 = Debug|Win32
		{A2E8F108-64A1-4F34-9EA1-D0AA0FF0BB92}.Release|x64.ActiveCfg = Release|x64
		{A2E8F108-64A1-4F34-9EA1-D0AA0FF0BB92}.Release|x64.Build.0 = Release|x64
		{A2E8F108-64A1-4F34-9EA1-D0AA0FF0BB92}.Release|x86.ActiveCfg = Release|Win32
		{A2E8F108-64A1-4F34-9EA1-D0AA0FF0BB92}.Release|x86.Build.0 = Release|Win32
		{1A4366B3-FE65-4D80-A22A-B4981BD17F77}.Debug|x64.ActiveCfg = Debug|x64
		{1A4366B3-FE65-4D80-A22A-B4981BD17F77}.Debug|x64.Build.0 = Debug|x64
		{1A4366B3-FE65-4D80-A22A-B4981BD17F77}.Debug|x86.ActiveCfg = Debug|Win32
		{1A4366B3-FE65-4D80-A22A-B4981BD17F77}.Debug|x86.Build.0 = Debug|Win32
		{1A4366B3-FE65-4D80-A22A-B4981BD17F77}.Release|x64.ActiveCfg = Release|x64
		{1A4366B3-FE65-4D80-A22A-B4981BD17F77}.Release|x64.Build.0 = Release|x64
		{1A4366B3-FE65-4D80-A22A-B4981BD17F77}.Release|x86.ActiveCfg = Release|Win32
		{1A4366B3-FE65-4D80-A22A-B4981BD17F77}.Release|x86.Build.0 = Release|Win32
		{5D66916A-5515-4B30-81AB-DB4E1DFCFB07}.Debug|x64.ActiveCfg = Debug|x64
		{5D66916A-5515-4B30-81AB-DB4E1DFCFB07}.Debug|x64.Build.0 = Debug|x64
		{5D66916A-5515-4B30-81AB-DB4E1DFCFB07}.Debug|x86.ActiveCfg = Debug|Win32
		{5D66916A-5515-4B30-81AB-DB4E1DFCFB07}.Debug|x86.Build.0 = Debug|Win32
		{5D66916A-5515-4B30-81AB-DB4E1DFCFB07}.Release|x64.ActiveCfg = Release|x64
		{5D66916A-5515-4B30-81AB-DB4E1DFCFB07}.Release|x64.Build.0 = Release|x64
		{5D66916A-5515-4B30-81AB-DB4E1DFCFB07}.Release|x86.ActiveCfg = Release|Win32
		{5D66916A-5515-4B30-81AB-DB4E1DFCFB07}.Release|x86.Build.0 = Release|Win32
		{5641D6A5-A86D-4FC9-B33D-FEE0F78D0611}.Debug|x64.ActiveCfg = Debug|x64
		{5641D6A5-A86D-4FC9-B33D-FEE0F78D0611}.Debug|x64.Build.0 = Debug|x64
		{5641D6A5-A86D-4FC9-B33D-FEE0F78D0611}.Debug|x86.ActiveCfg = Debug|Win32
		{5641D6A5-A86D-4FC9-B33D-FEE0F78D0611}.Debug|x86.Build.0 = Debug|Win32
		{5641D6A5-A86D-4FC9-B33D-FEE0F78D0611}.Release|x64.ActiveCfg = Release|x64
		{5641D6A5-A86D-4FC9-B33D-FEE0F78D0611}.Release|x64.Build.0 = Release|x64
		{5641D6A5-A86D-4FC9-B33D-FEE0F78D0611}.Release|x86.ActiveCfg = Release|Win32
		{5641D6A5-A86D-4FC9-B33D-FEE0F78D0611}.Release|x86.Build.0 = Release|Win32
		{1F5CC46A-B924-4326-B4C4-C914B3702B26}.Debug|x64.ActiveCfg = Debug|x64
		{1F5CC46A-B924-4326-B4C4-C914B3702B26}.Debug|x64.Build.0 = Debug|x64
		{1F5CC46A-B924-4326-B4C4-C914B3702B26}.Debug|x86.ActiveCfg = Debug|Win32
		{1F5CC46A-B924-4326-B4C4-C914B3702B26}.Debug|x86.Build.0 = Debug|Win32
		{1F5CC46A-B924-4326-B4C4-C914B3702B26}.Release|x64.ActiveCfg = Release|x64
		{1F5CC46A-B924-4326-B4C4-C914B3702B26}.Release|x64.Build.0 = Release|x64
		{1F5CC46A-B924-4326-B4C4-C914B3702B26}.Release|x86.ActiveCfg = Release|Win32
		{1F5CC46A-B924-4326-B4C4-C914B3702B26}.Release|x86.Build.0 = Release|Win32
		{9DAAAB45-BA5E-40EC-8086-9747C85F52DA}.Debug|x64.ActiveCfg = Debug|x64
		{9DAAAB45-BA5E-40EC-8086-9747C85F52DA}.Debug|x64.Build.0 = Debug|x64
		{9DAAAB45-BA5E-40EC-8086-9747C85F52DA}.Debug|x86.ActiveCfg = Debug|Win32
		{9DAAAB45-BA5E-40EC-8086-9747C85F52DA}.Debug|x86.Build.0 = Debug|Win32
		{9DAAAB45-BA5E-40EC-8086-9747C85F52DA}.Release|x64.ActiveCfg = Release|x64
		{9DAAAB45-BA5E-40EC-8086-9747C85F52DA}.Release|x64.Build.0 = Release|x64
		{9DAAAB45-BA5E-40EC-8086-9747C85F52DA}.Release|x86.ActiveCfg = Release|Win32
		{9DAAAB45-BA5E-40EC-8086-9747C85F52DA}.Release|x86.Build.0 = Release|Win32
		{30F9803A-5FBB-4C1A-9C2F-BD1C982EEFEF}.Debug|x64.ActiveCfg = Debug|x64
		{30F9803A-5FBB-4C1A-9C2F-BD1C982EEFEF}.Debug|x64.Build.0 = Debug|x64
		{30F9803A-5FBB-4C1A-9C2F-BD1C982EEFEF}.Debug|x86.ActiveCfg = Debug|Win32
		{30F9803A-5FBB-4C1A-9C2F-BD1C982EEFEF}.Debug|x86.Build.0 = Debug|Win32
		{30F9803A-5FBB-4C1A-9C2F-BD1C982EEFEF}.Release|x64.ActiveCfg = Release|x64
		{30F9803A-5FBB-4C1A-9C2F-BD1C982EEFEF}.Release|x64.Build.0 = Release|x64
		{30F9803A-5FBB-4C1A-9C2F-BD1C982EEFEF}.Release|x86.ActiveCfg = Release|Win32
		{30F9803A-5FBB-4C1A-9C2F-BD1C982EEFEF}.Release|x86.Build.0 = Release|Win32
		{7016599D-00A4-4340-B8FF-724C2A422840}.Debug|x64.ActiveCfg = Debug|x64
		{7016599D-00A4-4340-B8FF-724C2A422840}.Debug|x64.Build.0 = Debug|x64
		{7016599D-00A4-4340-B8FF-724C2A422840}.Debug|x86.ActiveCfg = Debug|Win32
		{7016599D-00A4-4340-B8FF-724C2A422840}.Debug|x86.Build.0 = Debug|Win32
		{7016599D-00A4-4340-B8FF-724C2A422840}.Release|x64.ActiveCfg = Release|x64
		{7016599D-00A4-4340-B8FF-724C2A422840}.Release|x64.Build.0 = Release|x64
		{7016599D-00A4-4340-B8FF-724C2A422840}.Release|x86.ActiveCfg = Release|Win32
		{7016599D-00A4-4340-B8FF-724C2A422840}.Release|x86.Build.0 = Release|Win32
		{9E53F861-BA5B-4748-8DDA-191AB295FDD9}.Debug|x64.ActiveCfg = Debug|x64
		{9E53F861-BA5B-4748-8DDA-191AB295FDD9}.Debug|x64.Build.0 = Debug|x64
		{9E53F861-BA5B-4748-8DDA-191AB295FDD9}.Debug|x86.ActiveCfg = Debug|Win32
		{9E53F861-BA5B-4748-8DDA-191AB295FDD9}.Debug|x86.Build.0 = Debug|Win32
		{9E53F861-BA5B-4748-8DDA-191AB295FDD9}.Release|x64.ActiveCfg = Release|x64
		{9E53F861-BA5B-4748-8DDA-191AB295FDD9}.Release|x64.Build.0 = Release|x64
		{9E53F861-BA5B-4748-8DDA-191AB295FDD9}.Release|x86.ActiveCfg = Release|Win32
		{9E53F861-BA5B-4748-8DDA-191AB295FDD9}.Release|x86.Build.0 = Release|Win32
	EndGlobalSection
	GlobalSection(SolutionProperties) = preSolution
		HideSolutionNode = FALSE
	EndGlobalSection
	GlobalSection(ExtensibilityGlobals) = postSolution
		SolutionGuid = {9DCE2C70-A65D-40EA-ACF2-62B15B9098FF}
	EndGlobalSection
EndGlobal
